PODS:
  - boost-for-react-native (1.63.0)
  - CGRPCZlib (1.0.0-alpha.19)
  - CNIOAtomics (2.22.1)
  - CNIOBoringSSL (2.9.1)
  - CNIOBoringSSLShims (2.9.1):
    - CNIOBoringSSL (= 2.9.1)
  - CNIODarwin (2.22.1)
  - CNIOHTTPParser (2.22.1)
  - CNIOLinux (2.22.1)
  - CNIOSHA1 (2.22.1)
  - DoubleConversion (1.1.6)
  - FBLazyVector (0.61.5)
  - FBReactNativeSpec (0.61.5):
    - Folly (= 2018.10.22.00)
    - RCTRequired (= 0.61.5)
    - RCTTypeSafety (= 0.61.5)
    - React-Core (= 0.61.5)
    - React-jsi (= 0.61.5)
    - ReactCommon/turbomodule/core (= 0.61.5)
  - Folly (2018.10.22.00):
    - boost-for-react-native
    - DoubleConversion
    - Folly/Default (= 2018.10.22.00)
    - glog
  - Folly/Default (2018.10.22.00):
    - boost-for-react-native
    - DoubleConversion
    - glog
  - glog (0.3.5)
  - gRPC-Swift (1.0.0-alpha.19):
    - CGRPCZlib (= 1.0.0-alpha.19)
    - Logging (< 2, >= 1.2.0)
    - SwiftNIO (< 3, >= 2.19.0)
    - SwiftNIOHTTP2 (< 2, >= 1.12.2)
    - SwiftNIOSSL (< 3, >= 2.8.0)
    - SwiftNIOTransportServices (< 2, >= 1.6.0)
    - SwiftProtobuf (< 2, >= 1.9.0)
  - Logging (1.4.0)
  - Permission-Camera (2.1.5):
    - RNPermissions
  - RCTRequired (0.61.5)
  - RCTTypeSafety (0.61.5):
    - FBLazyVector (= 0.61.5)
    - Folly (= 2018.10.22.00)
    - RCTRequired (= 0.61.5)
    - React-Core (= 0.61.5)
  - React (0.61.5):
    - React-Core (= 0.61.5)
    - React-Core/DevSupport (= 0.61.5)
    - React-Core/RCTWebSocket (= 0.61.5)
    - React-RCTActionSheet (= 0.61.5)
    - React-RCTAnimation (= 0.61.5)
    - React-RCTBlob (= 0.61.5)
    - React-RCTImage (= 0.61.5)
    - React-RCTLinking (= 0.61.5)
    - React-RCTNetwork (= 0.61.5)
    - React-RCTSettings (= 0.61.5)
    - React-RCTText (= 0.61.5)
    - React-RCTVibration (= 0.61.5)
  - React-Core (0.61.5):
    - Folly (= 2018.10.22.00)
    - glog
    - React-Core/Default (= 0.61.5)
    - React-cxxreact (= 0.61.5)
    - React-jsi (= 0.61.5)
    - React-jsiexecutor (= 0.61.5)
    - Yoga
  - React-Core/CoreModulesHeaders (0.61.5):
    - Folly (= 2018.10.22.00)
    - glog
    - React-Core/Default
    - React-cxxreact (= 0.61.5)
    - React-jsi (= 0.61.5)
    - React-jsiexecutor (= 0.61.5)
    - Yoga
  - React-Core/Default (0.61.5):
    - Folly (= 2018.10.22.00)
    - glog
    - React-cxxreact (= 0.61.5)
    - React-jsi (= 0.61.5)
    - React-jsiexecutor (= 0.61.5)
    - Yoga
  - React-Core/DevSupport (0.61.5):
    - Folly (= 2018.10.22.00)
    - glog
    - React-Core/Default (= 0.61.5)
    - React-Core/RCTWebSocket (= 0.61.5)
    - React-cxxreact (= 0.61.5)
    - React-jsi (= 0.61.5)
    - React-jsiexecutor (= 0.61.5)
    - React-jsinspector (= 0.61.5)
    - Yoga
  - React-Core/RCTActionSheetHeaders (0.61.5):
    - Folly (= 2018.10.22.00)
    - glog
    - React-Core/Default
    - React-cxxreact (= 0.61.5)
    - React-jsi (= 0.61.5)
    - React-jsiexecutor (= 0.61.5)
    - Yoga
  - React-Core/RCTAnimationHeaders (0.61.5):
    - Folly (= 2018.10.22.00)
    - glog
    - React-Core/Default
    - React-cxxreact (= 0.61.5)
    - React-jsi (= 0.61.5)
    - React-jsiexecutor (= 0.61.5)
    - Yoga
  - React-Core/RCTBlobHeaders (0.61.5):
    - Folly (= 2018.10.22.00)
    - glog
    - React-Core/Default
    - React-cxxreact (= 0.61.5)
    - React-jsi (= 0.61.5)
    - React-jsiexecutor (= 0.61.5)
    - Yoga
  - React-Core/RCTImageHeaders (0.61.5):
    - Folly (= 2018.10.22.00)
    - glog
    - React-Core/Default
    - React-cxxreact (= 0.61.5)
    - React-jsi (= 0.61.5)
    - React-jsiexecutor (= 0.61.5)
    - Yoga
  - React-Core/RCTLinkingHeaders (0.61.5):
    - Folly (= 2018.10.22.00)
    - glog
    - React-Core/Default
    - React-cxxreact (= 0.61.5)
    - React-jsi (= 0.61.5)
    - React-jsiexecutor (= 0.61.5)
    - Yoga
  - React-Core/RCTNetworkHeaders (0.61.5):
    - Folly (= 2018.10.22.00)
    - glog
    - React-Core/Default
    - React-cxxreact (= 0.61.5)
    - React-jsi (= 0.61.5)
    - React-jsiexecutor (= 0.61.5)
    - Yoga
  - React-Core/RCTSettingsHeaders (0.61.5):
    - Folly (= 2018.10.22.00)
    - glog
    - React-Core/Default
    - React-cxxreact (= 0.61.5)
    - React-jsi (= 0.61.5)
    - React-jsiexecutor (= 0.61.5)
    - Yoga
  - React-Core/RCTTextHeaders (0.61.5):
    - Folly (= 2018.10.22.00)
    - glog
    - React-Core/Default
    - React-cxxreact (= 0.61.5)
    - React-jsi (= 0.61.5)
    - React-jsiexecutor (= 0.61.5)
    - Yoga
  - React-Core/RCTVibrationHeaders (0.61.5):
    - Folly (= 2018.10.22.00)
    - glog
    - React-Core/Default
    - React-cxxreact (= 0.61.5)
    - React-jsi (= 0.61.5)
    - React-jsiexecutor (= 0.61.5)
    - Yoga
  - React-Core/RCTWebSocket (0.61.5):
    - Folly (= 2018.10.22.00)
    - glog
    - React-Core/Default (= 0.61.5)
    - React-cxxreact (= 0.61.5)
    - React-jsi (= 0.61.5)
    - React-jsiexecutor (= 0.61.5)
    - Yoga
  - React-CoreModules (0.61.5):
    - FBReactNativeSpec (= 0.61.5)
    - Folly (= 2018.10.22.00)
    - RCTTypeSafety (= 0.61.5)
    - React-Core/CoreModulesHeaders (= 0.61.5)
    - React-RCTImage (= 0.61.5)
    - ReactCommon/turbomodule/core (= 0.61.5)
  - React-cxxreact (0.61.5):
    - boost-for-react-native (= 1.63.0)
    - DoubleConversion
    - Folly (= 2018.10.22.00)
    - glog
    - React-jsinspector (= 0.61.5)
  - React-jsi (0.61.5):
    - boost-for-react-native (= 1.63.0)
    - DoubleConversion
    - Folly (= 2018.10.22.00)
    - glog
    - React-jsi/Default (= 0.61.5)
  - React-jsi/Default (0.61.5):
    - boost-for-react-native (= 1.63.0)
    - DoubleConversion
    - Folly (= 2018.10.22.00)
    - glog
  - React-jsiexecutor (0.61.5):
    - DoubleConversion
    - Folly (= 2018.10.22.00)
    - glog
    - React-cxxreact (= 0.61.5)
    - React-jsi (= 0.61.5)
  - React-jsinspector (0.61.5)
  - react-native-camera (3.36.0):
    - React
    - react-native-camera/RCT (= 3.36.0)
    - react-native-camera/RN (= 3.36.0)
  - react-native-camera/RCT (3.36.0):
    - React
  - react-native-camera/RN (3.36.0):
    - React
  - react-native-image-picker (1.1.0):
    - React
  - react-native-randombytes (3.5.3):
    - React
  - react-native-safe-area-context (3.1.1):
    - React
  - react-native-text-input-mask (2.0.0):
    - React
    - RNInputMask
  - react-native-udp (2.7.0):
    - React
  - react-native-verus-light-client (1.0.0):
    - React
    - React-Core
    - ZcashLightClientKit
  - react-native-webview (8.2.1):
    - React
  - React-RCTActionSheet (0.61.5):
    - React-Core/RCTActionSheetHeaders (= 0.61.5)
  - React-RCTAnimation (0.61.5):
    - React-Core/RCTAnimationHeaders (= 0.61.5)
  - React-RCTBlob (0.61.5):
    - React-Core/RCTBlobHeaders (= 0.61.5)
    - React-Core/RCTWebSocket (= 0.61.5)
    - React-jsi (= 0.61.5)
    - React-RCTNetwork (= 0.61.5)
  - React-RCTImage (0.61.5):
    - React-Core/RCTImageHeaders (= 0.61.5)
    - React-RCTNetwork (= 0.61.5)
  - React-RCTLinking (0.61.5):
    - React-Core/RCTLinkingHeaders (= 0.61.5)
  - React-RCTNetwork (0.61.5):
    - React-Core/RCTNetworkHeaders (= 0.61.5)
  - React-RCTSettings (0.61.5):
    - React-Core/RCTSettingsHeaders (= 0.61.5)
  - React-RCTText (0.61.5):
    - React-Core/RCTTextHeaders (= 0.61.5)
  - React-RCTVibration (0.61.5):
    - React-Core/RCTVibrationHeaders (= 0.61.5)
  - ReactCommon/jscallinvoker (0.61.5):
    - DoubleConversion
    - Folly (= 2018.10.22.00)
    - glog
    - React-cxxreact (= 0.61.5)
  - ReactCommon/turbomodule/core (0.61.5):
    - DoubleConversion
    - Folly (= 2018.10.22.00)
    - glog
    - React-Core (= 0.61.5)
    - React-cxxreact (= 0.61.5)
    - React-jsi (= 0.61.5)
    - ReactCommon/jscallinvoker (= 0.61.5)
  - ReactNativeART (1.2.0):
    - React
  - rn-fetch-blob (0.11.2):
    - React-Core
  - RNCAsyncStorage (1.10.1):
    - React
  - RNCMaskedView (0.1.10):
    - React
  - RNDateTimePicker (2.3.2):
    - React
  - RNFS (2.15.3):
    - React
  - RNGestureHandler (1.7.0):
    - React
  - RNInputMask (4.1.0)
  - RNOS (1.2.6):
    - React
  - RNPermissions (2.1.5):
    - React
  - RNReanimated (1.10.1):
    - React
  - RNScreens (2.9.0):
    - React
  - RNShare (1.2.1):
    - React
  - RNSVG (9.13.6):
    - React
  - RNVectorIcons (6.6.0):
    - React
  - SQLite.swift (0.12.2):
    - SQLite.swift/standard (= 0.12.2)
  - SQLite.swift/standard (0.12.2)
  - SwiftNIO (2.22.1):
    - CNIOAtomics (= 2.22.1)
    - CNIODarwin (= 2.22.1)
    - CNIOLinux (= 2.22.1)
    - CNIOSHA1 (= 2.22.1)
    - SwiftNIOConcurrencyHelpers (= 2.22.1)
  - SwiftNIOConcurrencyHelpers (2.22.1):
    - CNIOAtomics (= 2.22.1)
  - SwiftNIOFoundationCompat (2.22.1):
    - SwiftNIO (= 2.22.1)
  - SwiftNIOHPACK (1.14.2):
    - SwiftNIO (< 3, >= 2.11.0)
    - SwiftNIOConcurrencyHelpers (< 3, >= 2.11.0)
    - SwiftNIOHTTP1 (< 3, >= 2.11.0)
  - SwiftNIOHTTP1 (2.22.1):
    - CNIOHTTPParser (= 2.22.1)
    - SwiftNIO (= 2.22.1)
    - SwiftNIOConcurrencyHelpers (= 2.22.1)
  - SwiftNIOHTTP2 (1.14.2):
    - SwiftNIO (< 3, >= 2.11.0)
    - SwiftNIOConcurrencyHelpers (< 3, >= 2.11.0)
    - SwiftNIOHPACK (= 1.14.2)
    - SwiftNIOHTTP1 (< 3, >= 2.11.0)
    - SwiftNIOTLS (< 3, >= 2.11.0)
  - SwiftNIOSSL (2.9.1):
    - CNIOBoringSSL (= 2.9.1)
    - CNIOBoringSSLShims (= 2.9.1)
    - SwiftNIO (< 3, >= 2.22.0)
    - SwiftNIOConcurrencyHelpers (< 3, >= 2.22.0)
    - SwiftNIOTLS (< 3, >= 2.22.0)
  - SwiftNIOTLS (2.22.1):
    - SwiftNIO (= 2.22.1)
  - SwiftNIOTransportServices (1.9.0):
    - SwiftNIO (< 3, >= 2.22.0)
    - SwiftNIOConcurrencyHelpers (< 3, >= 2.22.0)
    - SwiftNIOFoundationCompat (< 3, >= 2.22.0)
    - SwiftNIOTLS (< 3, >= 2.22.0)
  - SwiftProtobuf (1.12.0)
  - TcpSockets (3.3.2):
    - React
  - Yoga (1.14.0)
  - ZcashLightClientKit (0.6.3):
    - gRPC-Swift (= 1.0.0-alpha.19)
    - SQLite.swift (~> 0.12.2)
  - ZcashLightClientKit/Tests (0.6.3):
    - gRPC-Swift (= 1.0.0-alpha.19)
    - SQLite.swift (~> 0.12.2)

DEPENDENCIES:
  - DoubleConversion (from `../node_modules/react-native/third-party-podspecs/DoubleConversion.podspec`)
  - FBLazyVector (from `../node_modules/react-native/Libraries/FBLazyVector`)
  - FBReactNativeSpec (from `../node_modules/react-native/Libraries/FBReactNativeSpec`)
  - Folly (from `../node_modules/react-native/third-party-podspecs/Folly.podspec`)
  - glog (from `../node_modules/react-native/third-party-podspecs/glog.podspec`)
  - Permission-Camera (from `../node_modules/react-native-permissions/ios/Camera.podspec`)
  - RCTRequired (from `../node_modules/react-native/Libraries/RCTRequired`)
  - RCTTypeSafety (from `../node_modules/react-native/Libraries/TypeSafety`)
  - React (from `../node_modules/react-native/`)
  - React-Core (from `../node_modules/react-native/`)
  - React-Core/DevSupport (from `../node_modules/react-native/`)
  - React-Core/RCTWebSocket (from `../node_modules/react-native/`)
  - React-CoreModules (from `../node_modules/react-native/React/CoreModules`)
  - React-cxxreact (from `../node_modules/react-native/ReactCommon/cxxreact`)
  - React-jsi (from `../node_modules/react-native/ReactCommon/jsi`)
  - React-jsiexecutor (from `../node_modules/react-native/ReactCommon/jsiexecutor`)
  - React-jsinspector (from `../node_modules/react-native/ReactCommon/jsinspector`)
  - react-native-camera (from `../node_modules/react-native-camera`)
  - react-native-image-picker (from `../node_modules/react-native-image-picker`)
  - react-native-randombytes (from `../node_modules/react-native-randombytes`)
  - react-native-safe-area-context (from `../node_modules/react-native-safe-area-context`)
  - react-native-text-input-mask (from `../node_modules/react-native-text-input-mask`)
  - react-native-udp (from `../node_modules/react-native-udp`)
  - react-native-verus-light-client (from `../node_modules/react-native-verus-light-client`)
  - react-native-webview (from `../node_modules/react-native-webview`)
  - React-RCTActionSheet (from `../node_modules/react-native/Libraries/ActionSheetIOS`)
  - React-RCTAnimation (from `../node_modules/react-native/Libraries/NativeAnimation`)
  - React-RCTBlob (from `../node_modules/react-native/Libraries/Blob`)
  - React-RCTImage (from `../node_modules/react-native/Libraries/Image`)
  - React-RCTLinking (from `../node_modules/react-native/Libraries/LinkingIOS`)
  - React-RCTNetwork (from `../node_modules/react-native/Libraries/Network`)
  - React-RCTSettings (from `../node_modules/react-native/Libraries/Settings`)
  - React-RCTText (from `../node_modules/react-native/Libraries/Text`)
  - React-RCTVibration (from `../node_modules/react-native/Libraries/Vibration`)
  - ReactCommon/jscallinvoker (from `../node_modules/react-native/ReactCommon`)
  - ReactCommon/turbomodule/core (from `../node_modules/react-native/ReactCommon`)
  - "ReactNativeART (from `../node_modules/@react-native-community/art`)"
  - rn-fetch-blob (from `../node_modules/rn-fetch-blob`)
  - "RNCAsyncStorage (from `../node_modules/@react-native-community/async-storage`)"
  - "RNCMaskedView (from `../node_modules/@react-native-community/masked-view`)"
  - "RNDateTimePicker (from `../node_modules/@react-native-community/datetimepicker`)"
  - RNFS (from `../node_modules/react-native-fs`)
  - RNGestureHandler (from `../node_modules/react-native-gesture-handler`)
  - RNInputMask (from `../node_modules/react-native-text-input-mask/ios/InputMask`)
  - RNOS (from `../node_modules/react-native-os`)
  - RNPermissions (from `../node_modules/react-native-permissions`)
  - RNReanimated (from `../node_modules/react-native-reanimated`)
  - RNScreens (from `../node_modules/react-native-screens`)
  - RNShare (from `../node_modules/react-native-share`)
  - RNSVG (from `../node_modules/react-native-svg`)
  - RNVectorIcons (from `../node_modules/react-native-vector-icons`)
  - TcpSockets (from `../node_modules/react-native-tcp`)
  - Yoga (from `../node_modules/react-native/ReactCommon/yoga`)
  - ZcashLightClientKit (from `https://github.com/michaeltout/ZcashLightClientKit.git`, branch `0.6.3`)
  - ZcashLightClientKit/Tests (from `https://github.com/michaeltout/ZcashLightClientKit.git`, branch `0.6.3`)

SPEC REPOS:
  https://github.com/cocoapods/specs.git:
    - boost-for-react-native
    - CGRPCZlib
    - CNIOAtomics
    - CNIOBoringSSL
    - CNIOBoringSSLShims
    - CNIODarwin
    - CNIOHTTPParser
    - CNIOLinux
    - CNIOSHA1
    - gRPC-Swift
    - Logging
    - SQLite.swift
    - SwiftNIO
    - SwiftNIOConcurrencyHelpers
    - SwiftNIOFoundationCompat
    - SwiftNIOHPACK
    - SwiftNIOHTTP1
    - SwiftNIOHTTP2
    - SwiftNIOSSL
    - SwiftNIOTLS
    - SwiftNIOTransportServices
    - SwiftProtobuf

EXTERNAL SOURCES:
  DoubleConversion:
    :podspec: "../node_modules/react-native/third-party-podspecs/DoubleConversion.podspec"
  FBLazyVector:
    :path: "../node_modules/react-native/Libraries/FBLazyVector"
  FBReactNativeSpec:
    :path: "../node_modules/react-native/Libraries/FBReactNativeSpec"
  Folly:
    :podspec: "../node_modules/react-native/third-party-podspecs/Folly.podspec"
  glog:
    :podspec: "../node_modules/react-native/third-party-podspecs/glog.podspec"
  Permission-Camera:
    :path: "../node_modules/react-native-permissions/ios/Camera.podspec"
  RCTRequired:
    :path: "../node_modules/react-native/Libraries/RCTRequired"
  RCTTypeSafety:
    :path: "../node_modules/react-native/Libraries/TypeSafety"
  React:
    :path: "../node_modules/react-native/"
  React-Core:
    :path: "../node_modules/react-native/"
  React-CoreModules:
    :path: "../node_modules/react-native/React/CoreModules"
  React-cxxreact:
    :path: "../node_modules/react-native/ReactCommon/cxxreact"
  React-jsi:
    :path: "../node_modules/react-native/ReactCommon/jsi"
  React-jsiexecutor:
    :path: "../node_modules/react-native/ReactCommon/jsiexecutor"
  React-jsinspector:
    :path: "../node_modules/react-native/ReactCommon/jsinspector"
  react-native-camera:
    :path: "../node_modules/react-native-camera"
  react-native-image-picker:
    :path: "../node_modules/react-native-image-picker"
  react-native-randombytes:
    :path: "../node_modules/react-native-randombytes"
  react-native-safe-area-context:
    :path: "../node_modules/react-native-safe-area-context"
  react-native-text-input-mask:
    :path: "../node_modules/react-native-text-input-mask"
  react-native-udp:
    :path: "../node_modules/react-native-udp"
  react-native-verus-light-client:
    :path: "../node_modules/react-native-verus-light-client"
  react-native-webview:
    :path: "../node_modules/react-native-webview"
  React-RCTActionSheet:
    :path: "../node_modules/react-native/Libraries/ActionSheetIOS"
  React-RCTAnimation:
    :path: "../node_modules/react-native/Libraries/NativeAnimation"
  React-RCTBlob:
    :path: "../node_modules/react-native/Libraries/Blob"
  React-RCTImage:
    :path: "../node_modules/react-native/Libraries/Image"
  React-RCTLinking:
    :path: "../node_modules/react-native/Libraries/LinkingIOS"
  React-RCTNetwork:
    :path: "../node_modules/react-native/Libraries/Network"
  React-RCTSettings:
    :path: "../node_modules/react-native/Libraries/Settings"
  React-RCTText:
    :path: "../node_modules/react-native/Libraries/Text"
  React-RCTVibration:
    :path: "../node_modules/react-native/Libraries/Vibration"
  ReactCommon:
    :path: "../node_modules/react-native/ReactCommon"
  ReactNativeART:
    :path: "../node_modules/@react-native-community/art"
  rn-fetch-blob:
    :path: "../node_modules/rn-fetch-blob"
  RNCAsyncStorage:
    :path: "../node_modules/@react-native-community/async-storage"
  RNCMaskedView:
    :path: "../node_modules/@react-native-community/masked-view"
  RNDateTimePicker:
    :path: "../node_modules/@react-native-community/datetimepicker"
  RNFS:
    :path: "../node_modules/react-native-fs"
  RNGestureHandler:
    :path: "../node_modules/react-native-gesture-handler"
  RNInputMask:
    :path: "../node_modules/react-native-text-input-mask/ios/InputMask"
  RNOS:
    :path: "../node_modules/react-native-os"
  RNPermissions:
    :path: "../node_modules/react-native-permissions"
  RNReanimated:
    :path: "../node_modules/react-native-reanimated"
  RNScreens:
    :path: "../node_modules/react-native-screens"
  RNShare:
    :path: "../node_modules/react-native-share"
  RNSVG:
    :path: "../node_modules/react-native-svg"
  RNVectorIcons:
    :path: "../node_modules/react-native-vector-icons"
  TcpSockets:
    :path: "../node_modules/react-native-tcp"
  Yoga:
    :path: "../node_modules/react-native/ReactCommon/yoga"
  ZcashLightClientKit:
    :branch: 0.6.3
    :git: https://github.com/michaeltout/ZcashLightClientKit.git

CHECKOUT OPTIONS:
  ZcashLightClientKit:
    :commit: ae22b923749128c33e032de414e630f2de1aa13e
    :git: https://github.com/michaeltout/ZcashLightClientKit.git

SPEC CHECKSUMS:
  boost-for-react-native: 39c7adb57c4e60d6c5479dd8623128eb5b3f0f2c
  CGRPCZlib: befd9b92013c647f18aa9b7d9e9231d52e1ced1b
  CNIOAtomics: 55026298b0bd7524bb8ca85bd9d00983ef2b6ab5
  CNIOBoringSSL: ee7722e4355434b420eb06b3ca7535a6cfb09cf2
  CNIOBoringSSLShims: e76fde7b7972f242e250f76dafcfdbd23be26eca
  CNIODarwin: 65c40ddcfa113c0cb0bf5947dbef3165a0098b59
  CNIOHTTPParser: 869e928f9f9b7bb68837e085b3ae921125d28d76
  CNIOLinux: 896c5715ebe479fbfcdac5340717bbbd7936901b
  CNIOSHA1: fd4d38fb42778ed971a75d87530f842106d4b4f4
  DoubleConversion: 5805e889d232975c086db112ece9ed034df7a0b2
  FBLazyVector: aaeaf388755e4f29cd74acbc9e3b8da6d807c37f
  FBReactNativeSpec: 118d0d177724c2d67f08a59136eb29ef5943ec75
  Folly: 30e7936e1c45c08d884aa59369ed951a8e68cf51
  glog: 1f3da668190260b06b429bb211bfbee5cd790c28
  gRPC-Swift: 75a7a8d7cd08177165ef971159afb84e5130cfc9
  Logging: beeb016c9c80cf77042d62e83495816847ef108b
  Permission-Camera: afad27bf90337684d4a86f3825112d648c8c4d3b
  RCTRequired: b153add4da6e7dbc44aebf93f3cf4fcae392ddf1
  RCTTypeSafety: 9aa1b91d7f9310fc6eadc3cf95126ffe818af320
  React: b6a59ef847b2b40bb6e0180a97d0ca716969ac78
  React-Core: 688b451f7d616cc1134ac95295b593d1b5158a04
  React-CoreModules: d04f8494c1a328b69ec11db9d1137d667f916dcb
  React-cxxreact: d0f7bcafa196ae410e5300736b424455e7fb7ba7
  React-jsi: cb2cd74d7ccf4cffb071a46833613edc79cdf8f7
  React-jsiexecutor: d5525f9ed5f782fdbacb64b9b01a43a9323d2386
  React-jsinspector: fa0ecc501688c3c4c34f28834a76302233e29dc0
  react-native-camera: 8016138a8348b889e22c95b23f668a234f124335
  react-native-image-picker: 7a85cf7b0a53845f03ae52fb4592a2748ded069b
  react-native-randombytes: 3638d24759d67c68f6ccba60c52a7a8a8faa6a23
  react-native-safe-area-context: 344b969c45af3d8464d36e8dea264942992ef033
  react-native-text-input-mask: 07227297075f9653315f43b0424d596423a01736
  react-native-udp: ff9d13e523f2b58e6bc5d4d32321ac60671b5dc9
  react-native-verus-light-client: b71b8551595c3c75787bc51ff1d2b2989639851a
  react-native-webview: 160ac8d6bb974e2933f2de6bb7464a8e934ff31d
  React-RCTActionSheet: 600b4d10e3aea0913b5a92256d2719c0cdd26d76
  React-RCTAnimation: 791a87558389c80908ed06cc5dfc5e7920dfa360
  React-RCTBlob: d89293cc0236d9cb0933d85e430b0bbe81ad1d72
  React-RCTImage: 6b8e8df449eb7c814c99a92d6b52de6fe39dea4e
  React-RCTLinking: 121bb231c7503cf9094f4d8461b96a130fabf4a5
  React-RCTNetwork: fb353640aafcee84ca8b78957297bd395f065c9a
  React-RCTSettings: 8db258ea2a5efee381fcf7a6d5044e2f8b68b640
  React-RCTText: 9ccc88273e9a3aacff5094d2175a605efa854dbe
  React-RCTVibration: a49a1f42bf8f5acf1c3e297097517c6b3af377ad
  ReactCommon: 198c7c8d3591f975e5431bec1b0b3b581aa1c5dd
  ReactNativeART: 78edc68dd4a1e675338cd0cd113319cf3a65f2ab
  rn-fetch-blob: f525a73a78df9ed5d35e67ea65e79d53c15255bc
  RNCAsyncStorage: 39831e0dc5f547a1fb2669eb9e091d460a9be2be
  RNCMaskedView: 5a8ec07677aa885546a0d98da336457e2bea557f
  RNDateTimePicker: 4bd49e09f91ca73d69119a9e1173b0d43b82f5e5
  RNFS: cf1bd19f8bf3c1400f8d3ececbe84e42aa29d2e7
  RNGestureHandler: b6b359bb800ae399a9c8b27032bdbf7c18f08a08
  RNInputMask: 815461ebdf396beb62cf58916c35cf6930adb991
  RNOS: 6f2f9a70895bbbfbdad7196abd952e7b01d45027
  RNPermissions: ad71dd4f767ec254f2cd57592fbee02afee75467
  RNReanimated: c2bb7438b57a3d987bb2e4e6e4bca94787e30b02
  RNScreens: c526239bbe0e957b988dacc8d75ac94ec9cb19da
  RNShare: 48cf88cadf9ca2143cdaa557c1ec7f8808040ffc
  RNSVG: 8ba35cbeb385a52fd960fd28db9d7d18b4c2974f
  RNVectorIcons: 0bb4def82230be1333ddaeee9fcba45f0b288ed4
  SQLite.swift: d2b4642190917051ce6bd1d49aab565fe794eea3
  SwiftNIO: 763188229de166e046cc8975383cca388832e992
  SwiftNIOConcurrencyHelpers: 34d2e9d4d2b7886fa765086e845e6b19417be927
  SwiftNIOFoundationCompat: 990bf137ed31a0907be67a0f80cfa9d3ad66289d
  SwiftNIOHPACK: 38b7703a984bf25f7abcd468f66e4ac89e2a52dd
  SwiftNIOHTTP1: c0a9ce48ba256f349af4f09648a0e0939b11a65c
  SwiftNIOHTTP2: 2f6ea199f7df6e7041dcfb49fba175c69c8ca925
  SwiftNIOSSL: 2967e874b40d05904edde5c540c3157621e5ecc4
  SwiftNIOTLS: 80eed55b4d2a455ba4b387b12cb41962095c713a
  SwiftNIOTransportServices: 801923921fbecdcde1e1c1ff38e812167d01ead1
  SwiftProtobuf: 4ef85479c18ca85b5482b343df9c319c62bda699
  TcpSockets: 14306fb79f9750ea7d2ddd02d8bed182abb01797
  Yoga: f2a7cd4280bfe2cca5a7aed98ba0eb3d1310f18b
  ZcashLightClientKit: 16f2a4f81f4f257ffcca7eacdbb4c2737b318f39

PODFILE CHECKSUM: 140944d1ec3abdae92127533323aa4a55cf8a83e

COCOAPODS: 1.7.5
