PODS:
  - _NIODataStructures (2.40.0)
  - boost-for-react-native (1.63.0)
  - CGRPCZlib (1.0.0-alpha.19)
  - CNIOAtomics (2.40.0)
  - CNIOBoringSSL (2.19.0)
  - CNIOBoringSSLShims (2.19.0):
    - CNIOBoringSSL (= 2.19.0)
  - CNIODarwin (2.40.0)
  - CNIOHTTPParser (2.40.0)
  - CNIOLinux (2.40.0)
  - CNIOWindows (2.40.0)
  - DoubleConversion (1.1.6)
  - FBLazyVector (0.64.1)
  - FBReactNativeSpec (0.64.1):
    - RCT-Folly (= 2020.01.13.00)
    - RCTRequired (= 0.64.1)
    - RCTTypeSafety (= 0.64.1)
    - React-Core (= 0.64.1)
    - React-jsi (= 0.64.1)
    - ReactCommon/turbomodule/core (= 0.64.1)
  - glog (0.3.5)
  - gRPC-Swift (1.0.0-alpha.19):
    - CGRPCZlib (= 1.0.0-alpha.19)
    - Logging (< 2, >= 1.2.0)
    - SwiftNIO (< 3, >= 2.19.0)
    - SwiftNIOHTTP2 (< 2, >= 1.12.2)
    - SwiftNIOSSL (< 3, >= 2.8.0)
    - SwiftNIOTransportServices (< 2, >= 1.6.0)
    - SwiftProtobuf (< 2, >= 1.9.0)
  - InputMask (6.1.0)
  - Logging (1.4.0)
  - lottie-ios (3.1.9)
  - lottie-react-native (3.5.0):
    - lottie-ios (~> 3.1.8)
    - React
  - MnemonicSwift (2.0.0)
  - Permission-Camera (3.1.0):
    - RNPermissions
  - Permission-PhotoLibrary (3.1.0):
    - RNPermissions
  - RCT-Folly (2020.01.13.00):
    - boost-for-react-native
    - DoubleConversion
    - glog
    - RCT-Folly/Default (= 2020.01.13.00)
  - RCT-Folly/Default (2020.01.13.00):
    - boost-for-react-native
    - DoubleConversion
    - glog
  - RCTRequired (0.64.1)
  - RCTTypeSafety (0.64.1):
    - FBLazyVector (= 0.64.1)
    - RCT-Folly (= 2020.01.13.00)
    - RCTRequired (= 0.64.1)
    - React-Core (= 0.64.1)
  - React (0.64.1):
    - React-Core (= 0.64.1)
    - React-Core/DevSupport (= 0.64.1)
    - React-Core/RCTWebSocket (= 0.64.1)
    - React-RCTActionSheet (= 0.64.1)
    - React-RCTAnimation (= 0.64.1)
    - React-RCTBlob (= 0.64.1)
    - React-RCTImage (= 0.64.1)
    - React-RCTLinking (= 0.64.1)
    - React-RCTNetwork (= 0.64.1)
    - React-RCTSettings (= 0.64.1)
    - React-RCTText (= 0.64.1)
    - React-RCTVibration (= 0.64.1)
  - React-callinvoker (0.64.1)
  - React-Core (0.64.1):
    - glog
    - RCT-Folly (= 2020.01.13.00)
    - React-Core/Default (= 0.64.1)
    - React-cxxreact (= 0.64.1)
    - React-jsi (= 0.64.1)
    - React-jsiexecutor (= 0.64.1)
    - React-perflogger (= 0.64.1)
    - Yoga
  - React-Core/CoreModulesHeaders (0.64.1):
    - glog
    - RCT-Folly (= 2020.01.13.00)
    - React-Core/Default
    - React-cxxreact (= 0.64.1)
    - React-jsi (= 0.64.1)
    - React-jsiexecutor (= 0.64.1)
    - React-perflogger (= 0.64.1)
    - Yoga
  - React-Core/Default (0.64.1):
    - glog
    - RCT-Folly (= 2020.01.13.00)
    - React-cxxreact (= 0.64.1)
    - React-jsi (= 0.64.1)
    - React-jsiexecutor (= 0.64.1)
    - React-perflogger (= 0.64.1)
    - Yoga
  - React-Core/DevSupport (0.64.1):
    - glog
    - RCT-Folly (= 2020.01.13.00)
    - React-Core/Default (= 0.64.1)
    - React-Core/RCTWebSocket (= 0.64.1)
    - React-cxxreact (= 0.64.1)
    - React-jsi (= 0.64.1)
    - React-jsiexecutor (= 0.64.1)
    - React-jsinspector (= 0.64.1)
    - React-perflogger (= 0.64.1)
    - Yoga
  - React-Core/RCTActionSheetHeaders (0.64.1):
    - glog
    - RCT-Folly (= 2020.01.13.00)
    - React-Core/Default
    - React-cxxreact (= 0.64.1)
    - React-jsi (= 0.64.1)
    - React-jsiexecutor (= 0.64.1)
    - React-perflogger (= 0.64.1)
    - Yoga
  - React-Core/RCTAnimationHeaders (0.64.1):
    - glog
    - RCT-Folly (= 2020.01.13.00)
    - React-Core/Default
    - React-cxxreact (= 0.64.1)
    - React-jsi (= 0.64.1)
    - React-jsiexecutor (= 0.64.1)
    - React-perflogger (= 0.64.1)
    - Yoga
  - React-Core/RCTBlobHeaders (0.64.1):
    - glog
    - RCT-Folly (= 2020.01.13.00)
    - React-Core/Default
    - React-cxxreact (= 0.64.1)
    - React-jsi (= 0.64.1)
    - React-jsiexecutor (= 0.64.1)
    - React-perflogger (= 0.64.1)
    - Yoga
  - React-Core/RCTImageHeaders (0.64.1):
    - glog
    - RCT-Folly (= 2020.01.13.00)
    - React-Core/Default
    - React-cxxreact (= 0.64.1)
    - React-jsi (= 0.64.1)
    - React-jsiexecutor (= 0.64.1)
    - React-perflogger (= 0.64.1)
    - Yoga
  - React-Core/RCTLinkingHeaders (0.64.1):
    - glog
    - RCT-Folly (= 2020.01.13.00)
    - React-Core/Default
    - React-cxxreact (= 0.64.1)
    - React-jsi (= 0.64.1)
    - React-jsiexecutor (= 0.64.1)
    - React-perflogger (= 0.64.1)
    - Yoga
  - React-Core/RCTNetworkHeaders (0.64.1):
    - glog
    - RCT-Folly (= 2020.01.13.00)
    - React-Core/Default
    - React-cxxreact (= 0.64.1)
    - React-jsi (= 0.64.1)
    - React-jsiexecutor (= 0.64.1)
    - React-perflogger (= 0.64.1)
    - Yoga
  - React-Core/RCTSettingsHeaders (0.64.1):
    - glog
    - RCT-Folly (= 2020.01.13.00)
    - React-Core/Default
    - React-cxxreact (= 0.64.1)
    - React-jsi (= 0.64.1)
    - React-jsiexecutor (= 0.64.1)
    - React-perflogger (= 0.64.1)
    - Yoga
  - React-Core/RCTTextHeaders (0.64.1):
    - glog
    - RCT-Folly (= 2020.01.13.00)
    - React-Core/Default
    - React-cxxreact (= 0.64.1)
    - React-jsi (= 0.64.1)
    - React-jsiexecutor (= 0.64.1)
    - React-perflogger (= 0.64.1)
    - Yoga
  - React-Core/RCTVibrationHeaders (0.64.1):
    - glog
    - RCT-Folly (= 2020.01.13.00)
    - React-Core/Default
    - React-cxxreact (= 0.64.1)
    - React-jsi (= 0.64.1)
    - React-jsiexecutor (= 0.64.1)
    - React-perflogger (= 0.64.1)
    - Yoga
  - React-Core/RCTWebSocket (0.64.1):
    - glog
    - RCT-Folly (= 2020.01.13.00)
    - React-Core/Default (= 0.64.1)
    - React-cxxreact (= 0.64.1)
    - React-jsi (= 0.64.1)
    - React-jsiexecutor (= 0.64.1)
    - React-perflogger (= 0.64.1)
    - Yoga
  - React-CoreModules (0.64.1):
    - FBReactNativeSpec (= 0.64.1)
    - RCT-Folly (= 2020.01.13.00)
    - RCTTypeSafety (= 0.64.1)
    - React-Core/CoreModulesHeaders (= 0.64.1)
    - React-jsi (= 0.64.1)
    - React-RCTImage (= 0.64.1)
    - ReactCommon/turbomodule/core (= 0.64.1)
  - React-cxxreact (0.64.1):
    - boost-for-react-native (= 1.63.0)
    - DoubleConversion
    - glog
    - RCT-Folly (= 2020.01.13.00)
    - React-callinvoker (= 0.64.1)
    - React-jsi (= 0.64.1)
    - React-jsinspector (= 0.64.1)
    - React-perflogger (= 0.64.1)
    - React-runtimeexecutor (= 0.64.1)
  - React-jsi (0.64.1):
    - boost-for-react-native (= 1.63.0)
    - DoubleConversion
    - glog
    - RCT-Folly (= 2020.01.13.00)
    - React-jsi/Default (= 0.64.1)
  - React-jsi/Default (0.64.1):
    - boost-for-react-native (= 1.63.0)
    - DoubleConversion
    - glog
    - RCT-Folly (= 2020.01.13.00)
  - React-jsiexecutor (0.64.1):
    - DoubleConversion
    - glog
    - RCT-Folly (= 2020.01.13.00)
    - React-cxxreact (= 0.64.1)
    - React-jsi (= 0.64.1)
    - React-perflogger (= 0.64.1)
  - React-jsinspector (0.64.1)
  - react-native-camera (3.22.1):
    - React
    - react-native-camera/RCT (= 3.22.1)
    - react-native-camera/RN (= 3.22.1)
  - react-native-camera/RCT (3.22.1):
    - React
  - react-native-camera/RN (3.22.1):
    - React
  - react-native-cameraroll (4.0.1):
    - React
  - react-native-image-picker (4.0.6):
    - React-Core
  - react-native-netinfo (6.0.2):
    - React-Core
  - react-native-randombytes (3.6.1):
    - React-Core
  - react-native-safe-area-context (3.2.0):
    - React-Core
  - react-native-text-input-mask (3.1.4):
    - InputMask (~> 6.1.0)
    - React-Core
    - React-RCTText
  - react-native-udp (2.7.0):
    - React
  - react-native-verus-light-client (1.0.0):
    - MnemonicSwift
    - React
    - React-Core
    - ZcashLightClientKit
  - React-perflogger (0.64.1)
  - React-RCTActionSheet (0.64.1):
    - React-Core/RCTActionSheetHeaders (= 0.64.1)
  - React-RCTAnimation (0.64.1):
    - FBReactNativeSpec (= 0.64.1)
    - RCT-Folly (= 2020.01.13.00)
    - RCTTypeSafety (= 0.64.1)
    - React-Core/RCTAnimationHeaders (= 0.64.1)
    - React-jsi (= 0.64.1)
    - ReactCommon/turbomodule/core (= 0.64.1)
  - React-RCTBlob (0.64.1):
    - FBReactNativeSpec (= 0.64.1)
    - RCT-Folly (= 2020.01.13.00)
    - React-Core/RCTBlobHeaders (= 0.64.1)
    - React-Core/RCTWebSocket (= 0.64.1)
    - React-jsi (= 0.64.1)
    - React-RCTNetwork (= 0.64.1)
    - ReactCommon/turbomodule/core (= 0.64.1)
  - React-RCTImage (0.64.1):
    - FBReactNativeSpec (= 0.64.1)
    - RCT-Folly (= 2020.01.13.00)
    - RCTTypeSafety (= 0.64.1)
    - React-Core/RCTImageHeaders (= 0.64.1)
    - React-jsi (= 0.64.1)
    - React-RCTNetwork (= 0.64.1)
    - ReactCommon/turbomodule/core (= 0.64.1)
  - React-RCTLinking (0.64.1):
    - FBReactNativeSpec (= 0.64.1)
    - React-Core/RCTLinkingHeaders (= 0.64.1)
    - React-jsi (= 0.64.1)
    - ReactCommon/turbomodule/core (= 0.64.1)
  - React-RCTNetwork (0.64.1):
    - FBReactNativeSpec (= 0.64.1)
    - RCT-Folly (= 2020.01.13.00)
    - RCTTypeSafety (= 0.64.1)
    - React-Core/RCTNetworkHeaders (= 0.64.1)
    - React-jsi (= 0.64.1)
    - ReactCommon/turbomodule/core (= 0.64.1)
  - React-RCTSettings (0.64.1):
    - FBReactNativeSpec (= 0.64.1)
    - RCT-Folly (= 2020.01.13.00)
    - RCTTypeSafety (= 0.64.1)
    - React-Core/RCTSettingsHeaders (= 0.64.1)
    - React-jsi (= 0.64.1)
    - ReactCommon/turbomodule/core (= 0.64.1)
  - React-RCTText (0.64.1):
    - React-Core/RCTTextHeaders (= 0.64.1)
  - React-RCTVibration (0.64.1):
    - FBReactNativeSpec (= 0.64.1)
    - RCT-Folly (= 2020.01.13.00)
    - React-Core/RCTVibrationHeaders (= 0.64.1)
    - React-jsi (= 0.64.1)
    - ReactCommon/turbomodule/core (= 0.64.1)
  - React-runtimeexecutor (0.64.1):
    - React-jsi (= 0.64.1)
  - ReactCommon/turbomodule/core (0.64.1):
    - DoubleConversion
    - glog
    - RCT-Folly (= 2020.01.13.00)
    - React-callinvoker (= 0.64.1)
    - React-Core (= 0.64.1)
    - React-cxxreact (= 0.64.1)
    - React-jsi (= 0.64.1)
    - React-perflogger (= 0.64.1)
  - RNCAsyncStorage (1.17.10):
    - React-Core
  - RNCClipboard (1.5.1):
    - React-Core
  - RNCMaskedView (0.1.10):
    - React
  - RNDateTimePicker (3.5.2):
    - React-Core
  - RNFS (2.18.0):
    - React
  - RNGestureHandler (1.10.3):
    - React-Core
  - RNKeychain (6.2.0):
    - React
  - RNOS (1.2.6):
    - React
  - RNPermissions (3.1.0):
    - React-Core
  - RNReactNativeHapticFeedback (1.11.0):
    - React-Core
  - RNReanimated (1.10.1):
    - React
  - RNScreens (2.9.0):
    - React
  - RNShare (1.2.1):
    - React
  - RNSVG (9.13.6):
    - React
  - RNVectorIcons (8.1.0):
    - React-Core
  - SQLite.swift (0.12.2):
    - SQLite.swift/standard (= 0.12.2)
  - SQLite.swift/standard (0.12.2)
  - SwiftNIO (2.40.0):
    - _NIODataStructures (= 2.40.0)
    - CNIOAtomics (= 2.40.0)
    - CNIODarwin (= 2.40.0)
    - CNIOLinux (= 2.40.0)
    - CNIOWindows (= 2.40.0)
    - SwiftNIOConcurrencyHelpers (= 2.40.0)
    - SwiftNIOCore (= 2.40.0)
    - SwiftNIOEmbedded (= 2.40.0)
    - SwiftNIOPosix (= 2.40.0)
  - SwiftNIOConcurrencyHelpers (2.40.0):
    - CNIOAtomics (= 2.40.0)
  - SwiftNIOCore (2.40.0):
    - CNIOAtomics (= 2.40.0)
    - CNIOLinux (= 2.40.0)
    - SwiftNIOConcurrencyHelpers (= 2.40.0)
  - SwiftNIOEmbedded (2.40.0):
    - _NIODataStructures (= 2.40.0)
    - CNIOAtomics (= 2.40.0)
    - CNIOLinux (= 2.40.0)
    - SwiftNIOConcurrencyHelpers (= 2.40.0)
    - SwiftNIOCore (= 2.40.0)
  - SwiftNIOFoundationCompat (2.40.0):
    - _NIODataStructures (= 2.40.0)
    - CNIOAtomics (= 2.40.0)
    - CNIODarwin (= 2.40.0)
    - CNIOLinux (= 2.40.0)
    - CNIOWindows (= 2.40.0)
    - SwiftNIO (= 2.40.0)
    - SwiftNIOConcurrencyHelpers (= 2.40.0)
    - SwiftNIOCore (= 2.40.0)
    - SwiftNIOEmbedded (= 2.40.0)
    - SwiftNIOPosix (= 2.40.0)
  - SwiftNIOHPACK (1.22.0):
    - _NIODataStructures (< 3, >= 2.35.0)
    - CNIOAtomics (< 3, >= 2.35.0)
    - CNIODarwin (< 3, >= 2.35.0)
    - CNIOHTTPParser (< 3, >= 2.35.0)
    - CNIOLinux (< 3, >= 2.35.0)
    - CNIOWindows (< 3, >= 2.35.0)
    - SwiftNIO (< 3, >= 2.35.0)
    - SwiftNIOConcurrencyHelpers (< 3, >= 2.35.0)
    - SwiftNIOCore (< 3, >= 2.35.0)
    - SwiftNIOEmbedded (< 3, >= 2.35.0)
    - SwiftNIOHTTP1 (< 3, >= 2.35.0)
    - SwiftNIOPosix (< 3, >= 2.35.0)
  - SwiftNIOHTTP1 (2.40.0):
    - _NIODataStructures (= 2.40.0)
    - CNIOAtomics (= 2.40.0)
    - CNIODarwin (= 2.40.0)
    - CNIOHTTPParser (= 2.40.0)
    - CNIOLinux (= 2.40.0)
    - CNIOWindows (= 2.40.0)
    - SwiftNIO (= 2.40.0)
    - SwiftNIOConcurrencyHelpers (= 2.40.0)
    - SwiftNIOCore (= 2.40.0)
    - SwiftNIOEmbedded (= 2.40.0)
    - SwiftNIOPosix (= 2.40.0)
  - SwiftNIOHTTP2 (1.22.0):
    - _NIODataStructures (< 3, >= 2.35.0)
    - CNIOAtomics (< 3, >= 2.35.0)
    - CNIODarwin (< 3, >= 2.35.0)
    - CNIOHTTPParser (< 3, >= 2.35.0)
    - CNIOLinux (< 3, >= 2.35.0)
    - CNIOWindows (< 3, >= 2.35.0)
    - SwiftNIO (< 3, >= 2.35.0)
    - SwiftNIOConcurrencyHelpers (< 3, >= 2.35.0)
    - SwiftNIOCore (< 3, >= 2.35.0)
    - SwiftNIOEmbedded (< 3, >= 2.35.0)
    - SwiftNIOHPACK (= 1.22.0)
    - SwiftNIOHTTP1 (< 3, >= 2.35.0)
    - SwiftNIOPosix (< 3, >= 2.35.0)
    - SwiftNIOTLS (< 3, >= 2.35.0)
  - SwiftNIOPosix (2.40.0):
    - _NIODataStructures (= 2.40.0)
    - CNIOAtomics (= 2.40.0)
    - CNIODarwin (= 2.40.0)
    - CNIOLinux (= 2.40.0)
    - CNIOWindows (= 2.40.0)
    - SwiftNIOConcurrencyHelpers (= 2.40.0)
    - SwiftNIOCore (= 2.40.0)
  - SwiftNIOSSL (2.19.0):
    - _NIODataStructures (< 3, >= 2.32.0)
    - CNIOAtomics (< 3, >= 2.32.0)
    - CNIOBoringSSL (= 2.19.0)
    - CNIOBoringSSLShims (= 2.19.0)
    - CNIODarwin (< 3, >= 2.32.0)
    - CNIOLinux (< 3, >= 2.32.0)
    - CNIOWindows (< 3, >= 2.32.0)
    - SwiftNIO (< 3, >= 2.32.0)
    - SwiftNIOConcurrencyHelpers (< 3, >= 2.32.0)
    - SwiftNIOCore (< 3, >= 2.32.0)
    - SwiftNIOEmbedded (< 3, >= 2.32.0)
    - SwiftNIOPosix (< 3, >= 2.32.0)
    - SwiftNIOTLS (< 3, >= 2.32.0)
  - SwiftNIOTLS (2.40.0):
    - _NIODataStructures (= 2.40.0)
    - CNIOAtomics (= 2.40.0)
    - CNIODarwin (= 2.40.0)
    - CNIOLinux (= 2.40.0)
    - CNIOWindows (= 2.40.0)
    - SwiftNIO (= 2.40.0)
    - SwiftNIOConcurrencyHelpers (= 2.40.0)
    - SwiftNIOCore (= 2.40.0)
    - SwiftNIOEmbedded (= 2.40.0)
    - SwiftNIOPosix (= 2.40.0)
  - SwiftNIOTransportServices (1.12.0):
    - _NIODataStructures (< 3, >= 2.32.0)
    - CNIOAtomics (< 3, >= 2.32.0)
    - CNIODarwin (< 3, >= 2.32.0)
    - CNIOLinux (< 3, >= 2.32.0)
    - CNIOWindows (< 3, >= 2.32.0)
    - SwiftNIO (< 3, >= 2.32.0)
    - SwiftNIOConcurrencyHelpers (< 3, >= 2.32.0)
    - SwiftNIOCore (< 3, >= 2.32.0)
    - SwiftNIOEmbedded (< 3, >= 2.32.0)
    - SwiftNIOFoundationCompat (< 3, >= 2.32.0)
    - SwiftNIOPosix (< 3, >= 2.32.0)
    - SwiftNIOTLS (< 3, >= 2.32.0)
  - SwiftProtobuf (1.20.2)
  - TcpSockets (3.3.2):
    - React
  - Yoga (1.14.0)
  - ZcashLightClientKit (0.9.1):
    - gRPC-Swift (= 1.0.0-alpha.19)
    - SQLite.swift (~> 0.12.2)
  - ZcashLightClientKit/Tests (0.9.1):
    - gRPC-Swift (= 1.0.0-alpha.19)
    - SQLite.swift (~> 0.12.2)

DEPENDENCIES:
  - DoubleConversion (from `../node_modules/react-native/third-party-podspecs/DoubleConversion.podspec`)
  - FBLazyVector (from `../node_modules/react-native/Libraries/FBLazyVector`)
  - FBReactNativeSpec (from `../node_modules/react-native/React/FBReactNativeSpec`)
  - glog (from `../node_modules/react-native/third-party-podspecs/glog.podspec`)
  - lottie-react-native (from `../node_modules/lottie-react-native`)
  - MnemonicSwift (~> 2.0.0)
  - Permission-Camera (from `../node_modules/react-native-permissions/ios/Camera/Permission-Camera.podspec`)
  - Permission-PhotoLibrary (from `../node_modules/react-native-permissions/ios/PhotoLibrary/Permission-PhotoLibrary.podspec`)
  - RCT-Folly (from `../node_modules/react-native/third-party-podspecs/RCT-Folly.podspec`)
  - RCTRequired (from `../node_modules/react-native/Libraries/RCTRequired`)
  - RCTTypeSafety (from `../node_modules/react-native/Libraries/TypeSafety`)
  - React (from `../node_modules/react-native/`)
  - React-callinvoker (from `../node_modules/react-native/ReactCommon/callinvoker`)
  - React-Core (from `../node_modules/react-native/`)
  - React-Core/DevSupport (from `../node_modules/react-native/`)
  - React-Core/RCTWebSocket (from `../node_modules/react-native/`)
  - React-CoreModules (from `../node_modules/react-native/React/CoreModules`)
  - React-cxxreact (from `../node_modules/react-native/ReactCommon/cxxreact`)
  - React-jsi (from `../node_modules/react-native/ReactCommon/jsi`)
  - React-jsiexecutor (from `../node_modules/react-native/ReactCommon/jsiexecutor`)
  - React-jsinspector (from `../node_modules/react-native/ReactCommon/jsinspector`)
  - react-native-camera (from `../node_modules/react-native-camera`)
  - "react-native-cameraroll (from `../node_modules/@react-native-community/cameraroll`)"
  - react-native-image-picker (from `../node_modules/react-native-image-picker`)
  - "react-native-netinfo (from `../node_modules/@react-native-community/netinfo`)"
  - react-native-randombytes (from `../node_modules/react-native-randombytes`)
  - react-native-safe-area-context (from `../node_modules/react-native-safe-area-context`)
  - react-native-text-input-mask (from `../node_modules/react-native-text-input-mask`)
  - react-native-udp (from `../node_modules/react-native-udp`)
  - react-native-verus-light-client (from `../node_modules/react-native-verus-light-client`)
  - React-perflogger (from `../node_modules/react-native/ReactCommon/reactperflogger`)
  - React-RCTActionSheet (from `../node_modules/react-native/Libraries/ActionSheetIOS`)
  - React-RCTAnimation (from `../node_modules/react-native/Libraries/NativeAnimation`)
  - React-RCTBlob (from `../node_modules/react-native/Libraries/Blob`)
  - React-RCTImage (from `../node_modules/react-native/Libraries/Image`)
  - React-RCTLinking (from `../node_modules/react-native/Libraries/LinkingIOS`)
  - React-RCTNetwork (from `../node_modules/react-native/Libraries/Network`)
  - React-RCTSettings (from `../node_modules/react-native/Libraries/Settings`)
  - React-RCTText (from `../node_modules/react-native/Libraries/Text`)
  - React-RCTVibration (from `../node_modules/react-native/Libraries/Vibration`)
  - React-runtimeexecutor (from `../node_modules/react-native/ReactCommon/runtimeexecutor`)
  - ReactCommon/turbomodule/core (from `../node_modules/react-native/ReactCommon`)
  - "RNCAsyncStorage (from `../node_modules/@react-native-async-storage/async-storage`)"
  - "RNCClipboard (from `../node_modules/@react-native-community/clipboard`)"
  - "RNCMaskedView (from `../node_modules/@react-native-community/masked-view`)"
  - "RNDateTimePicker (from `../node_modules/@react-native-community/datetimepicker`)"
  - RNFS (from `../node_modules/react-native-fs`)
  - RNGestureHandler (from `../node_modules/react-native-gesture-handler`)
  - RNKeychain (from `../node_modules/react-native-keychain`)
  - RNOS (from `../node_modules/react-native-os`)
  - RNPermissions (from `../node_modules/react-native-permissions`)
  - RNReactNativeHapticFeedback (from `../node_modules/react-native-haptic-feedback`)
  - RNReanimated (from `../node_modules/react-native-reanimated`)
  - RNScreens (from `../node_modules/react-native-screens`)
  - RNShare (from `../node_modules/react-native-share`)
  - RNSVG (from `../node_modules/react-native-svg`)
  - RNVectorIcons (from `../node_modules/react-native-vector-icons`)
  - SwiftNIO (= 2.40.0)
  - TcpSockets (from `../node_modules/react-native-tcp`)
  - Yoga (from `../node_modules/react-native/ReactCommon/yoga`)
  - ZcashLightClientKit (from `https://github.com/michaeltout/ZcashLightClientKit.git`, branch `0.9.1`)
  - ZcashLightClientKit/Tests (from `https://github.com/michaeltout/ZcashLightClientKit.git`, branch `0.9.1`)

SPEC REPOS:
  trunk:
    - _NIODataStructures
    - boost-for-react-native
    - CGRPCZlib
    - CNIOAtomics
    - CNIOBoringSSL
    - CNIOBoringSSLShims
    - CNIODarwin
    - CNIOHTTPParser
    - CNIOLinux
    - CNIOWindows
    - gRPC-Swift
    - InputMask
    - Logging
    - lottie-ios
    - MnemonicSwift
    - SQLite.swift
    - SwiftNIO
    - SwiftNIOConcurrencyHelpers
    - SwiftNIOCore
    - SwiftNIOEmbedded
    - SwiftNIOFoundationCompat
    - SwiftNIOHPACK
    - SwiftNIOHTTP1
    - SwiftNIOHTTP2
    - SwiftNIOPosix
    - SwiftNIOSSL
    - SwiftNIOTLS
    - SwiftNIOTransportServices
    - SwiftProtobuf

EXTERNAL SOURCES:
  DoubleConversion:
    :podspec: "../node_modules/react-native/third-party-podspecs/DoubleConversion.podspec"
  FBLazyVector:
    :path: "../node_modules/react-native/Libraries/FBLazyVector"
  FBReactNativeSpec:
    :path: "../node_modules/react-native/React/FBReactNativeSpec"
  glog:
    :podspec: "../node_modules/react-native/third-party-podspecs/glog.podspec"
  lottie-react-native:
    :path: "../node_modules/lottie-react-native"
  Permission-Camera:
    :path: "../node_modules/react-native-permissions/ios/Camera/Permission-Camera.podspec"
  Permission-PhotoLibrary:
    :path: "../node_modules/react-native-permissions/ios/PhotoLibrary/Permission-PhotoLibrary.podspec"
  RCT-Folly:
    :podspec: "../node_modules/react-native/third-party-podspecs/RCT-Folly.podspec"
  RCTRequired:
    :path: "../node_modules/react-native/Libraries/RCTRequired"
  RCTTypeSafety:
    :path: "../node_modules/react-native/Libraries/TypeSafety"
  React:
    :path: "../node_modules/react-native/"
  React-callinvoker:
    :path: "../node_modules/react-native/ReactCommon/callinvoker"
  React-Core:
    :path: "../node_modules/react-native/"
  React-CoreModules:
    :path: "../node_modules/react-native/React/CoreModules"
  React-cxxreact:
    :path: "../node_modules/react-native/ReactCommon/cxxreact"
  React-jsi:
    :path: "../node_modules/react-native/ReactCommon/jsi"
  React-jsiexecutor:
    :path: "../node_modules/react-native/ReactCommon/jsiexecutor"
  React-jsinspector:
    :path: "../node_modules/react-native/ReactCommon/jsinspector"
  react-native-camera:
    :path: "../node_modules/react-native-camera"
  react-native-cameraroll:
    :path: "../node_modules/@react-native-community/cameraroll"
  react-native-image-picker:
    :path: "../node_modules/react-native-image-picker"
  react-native-netinfo:
    :path: "../node_modules/@react-native-community/netinfo"
  react-native-randombytes:
    :path: "../node_modules/react-native-randombytes"
  react-native-safe-area-context:
    :path: "../node_modules/react-native-safe-area-context"
  react-native-text-input-mask:
    :path: "../node_modules/react-native-text-input-mask"
  react-native-udp:
    :path: "../node_modules/react-native-udp"
  react-native-verus-light-client:
    :path: "../node_modules/react-native-verus-light-client"
  React-perflogger:
    :path: "../node_modules/react-native/ReactCommon/reactperflogger"
  React-RCTActionSheet:
    :path: "../node_modules/react-native/Libraries/ActionSheetIOS"
  React-RCTAnimation:
    :path: "../node_modules/react-native/Libraries/NativeAnimation"
  React-RCTBlob:
    :path: "../node_modules/react-native/Libraries/Blob"
  React-RCTImage:
    :path: "../node_modules/react-native/Libraries/Image"
  React-RCTLinking:
    :path: "../node_modules/react-native/Libraries/LinkingIOS"
  React-RCTNetwork:
    :path: "../node_modules/react-native/Libraries/Network"
  React-RCTSettings:
    :path: "../node_modules/react-native/Libraries/Settings"
  React-RCTText:
    :path: "../node_modules/react-native/Libraries/Text"
  React-RCTVibration:
    :path: "../node_modules/react-native/Libraries/Vibration"
  React-runtimeexecutor:
    :path: "../node_modules/react-native/ReactCommon/runtimeexecutor"
  ReactCommon:
    :path: "../node_modules/react-native/ReactCommon"
  RNCAsyncStorage:
    :path: "../node_modules/@react-native-async-storage/async-storage"
  RNCClipboard:
    :path: "../node_modules/@react-native-community/clipboard"
  RNCMaskedView:
    :path: "../node_modules/@react-native-community/masked-view"
  RNDateTimePicker:
    :path: "../node_modules/@react-native-community/datetimepicker"
  RNFS:
    :path: "../node_modules/react-native-fs"
  RNGestureHandler:
    :path: "../node_modules/react-native-gesture-handler"
  RNKeychain:
    :path: "../node_modules/react-native-keychain"
  RNOS:
    :path: "../node_modules/react-native-os"
  RNPermissions:
    :path: "../node_modules/react-native-permissions"
  RNReactNativeHapticFeedback:
    :path: "../node_modules/react-native-haptic-feedback"
  RNReanimated:
    :path: "../node_modules/react-native-reanimated"
  RNScreens:
    :path: "../node_modules/react-native-screens"
  RNShare:
    :path: "../node_modules/react-native-share"
  RNSVG:
    :path: "../node_modules/react-native-svg"
  RNVectorIcons:
    :path: "../node_modules/react-native-vector-icons"
  TcpSockets:
    :path: "../node_modules/react-native-tcp"
  Yoga:
    :path: "../node_modules/react-native/ReactCommon/yoga"
  ZcashLightClientKit:
    :branch: 0.9.1
    :git: https://github.com/michaeltout/ZcashLightClientKit.git

CHECKOUT OPTIONS:
  ZcashLightClientKit:
    :commit: 8e3f0269f4fb312d01face170520e954aaa7c71b
    :git: https://github.com/michaeltout/ZcashLightClientKit.git

SPEC CHECKSUMS:
  _NIODataStructures: 3d45d8e70a1d17a15b1dc59d102c63dbc0525ffd
  boost-for-react-native: 39c7adb57c4e60d6c5479dd8623128eb5b3f0f2c
  CGRPCZlib: befd9b92013c647f18aa9b7d9e9231d52e1ced1b
  CNIOAtomics: 8edf08644e5e6fa0f021c239be9e8beb1cd9ef18
  CNIOBoringSSL: 2c9c96c2e95f15e83fb8d26b9738d939cc39ae33
  CNIOBoringSSLShims: c5c9346e7bbd1040f4f8793a35441dda7487539a
  CNIODarwin: 93850990d29f2626b05306c6c9309f9be0d74c2f
  CNIOHTTPParser: 8ce395236fa1d09ac3b4f4bcfba79b849b2ac684
  CNIOLinux: 62e3505f50de558c393dc2f273dde71dcce518da
  CNIOWindows: 3047f2d8165848a3936a0a755fee27c6b5ee479b
  DoubleConversion: cf9b38bf0b2d048436d9a82ad2abe1404f11e7de
  FBLazyVector: 7b423f9e248eae65987838148c36eec1dbfe0b53
  FBReactNativeSpec: 902a59ab82e01f9473fb40eb058fa49fc2eb4071
  glog: 73c2498ac6884b13ede40eda8228cb1eee9d9d62
  gRPC-Swift: 75a7a8d7cd08177165ef971159afb84e5130cfc9
  InputMask: 71d291dc54d2deaeac6512afb6ec2304228c0bb7
  Logging: beeb016c9c80cf77042d62e83495816847ef108b
  lottie-ios: 3a3758ef5a008e762faec9c9d50a39842f26d124
  lottie-react-native: 1fb4ce21d6ad37dab8343eaff8719df76035bd93
  MnemonicSwift: 36384fc6b2640d93df9fe9fb60a8da7957cec36d
  Permission-Camera: 0db4fd6e1c556c1cf47f38b989a8084cea3ec3dd
  Permission-PhotoLibrary: 9dcf80d1353d81b9f1e210c34291591236aaf2b6
  RCT-Folly: ec7a233ccc97cc556cf7237f0db1ff65b986f27c
  RCTRequired: ec2ebc96b7bfba3ca5c32740f5a0c6a014a274d2
  RCTTypeSafety: 22567f31e67c3e088c7ac23ea46ab6d4779c0ea5
  React: a241e3dbb1e91d06332f1dbd2b3ab26e1a4c4b9d
  React-callinvoker: da4d1c6141696a00163960906bc8a55b985e4ce4
  React-Core: 46ba164c437d7dac607b470c83c8308b05799748
  React-CoreModules: 217bd14904491c7b9940ff8b34a3fe08013c2f14
  React-cxxreact: 0090588ae6660c4615d3629fdd5c768d0983add4
  React-jsi: 5de8204706bd872b78ea646aee5d2561ca1214b6
  React-jsiexecutor: 124e8f99992490d0d13e0649d950d3e1aae06fe9
  React-jsinspector: 500a59626037be5b3b3d89c5151bc3baa9abf1a9
  react-native-camera: a49f960eb362b9fbff87667c0ce639eef1161530
  react-native-cameraroll: 60ba0068826eab1c8d43146191bafd4363ea58a7
  react-native-image-picker: a6e56460d34905c849ada551db30897dc7f3d535
  react-native-netinfo: 92e6e4476eb8bf6fc2d7c0a6ca0a1406f663d73a
  react-native-randombytes: 421f1c7d48c0af8dbcd471b0324393ebf8fe7846
  react-native-safe-area-context: f0906bf8bc9835ac9a9d3f97e8bde2a997d8da79
  react-native-text-input-mask: 36a546b378fadd2efe1b7484a859d34bc2c80395
  react-native-udp: ff9d13e523f2b58e6bc5d4d32321ac60671b5dc9
  react-native-verus-light-client: ba8400658314adecefa08593e46d9fa69029bea8
  React-perflogger: aad6d4b4a267936b3667260d1f649b6f6069a675
  React-RCTActionSheet: fc376be462c9c8d6ad82c0905442fd77f82a9d2a
  React-RCTAnimation: ba0a1c3a2738be224a08092fa7f1b444ab77d309
  React-RCTBlob: f758d4403fc5828a326dc69e27b41e1a92f34947
  React-RCTImage: ce57088705f4a8d03f6594b066a59c29143ba73e
  React-RCTLinking: 852a3a95c65fa63f657a4b4e2d3d83a815e00a7c
  React-RCTNetwork: 9d7ccb8a08d522d71700b4fb677d9fa28cccd118
  React-RCTSettings: d8aaf4389ff06114dee8c42ef5f0f2915946011e
  React-RCTText: 809c12ed6b261796ba056c04fcd20d8b90bcc81d
  React-RCTVibration: 4b99a7f5c6c0abbc5256410cc5425fb8531986e1
  React-runtimeexecutor: ff951a0c241bfaefc4940a3f1f1a229e7cb32fa6
  ReactCommon: bedc99ed4dae329c4fcf128d0c31b9115e5365ca
  RNCAsyncStorage: 0c357f3156fcb16c8589ede67cc036330b6698ca
  RNCClipboard: 41d8d918092ae8e676f18adada19104fa3e68495
  RNCMaskedView: 5a8ec07677aa885546a0d98da336457e2bea557f
  RNDateTimePicker: 7658208086d86d09e1627b5c34ba0cf237c60140
  RNFS: 3ab21fa6c56d65566d1fb26c2228e2b6132e5e32
  RNGestureHandler: a479ebd5ed4221a810967000735517df0d2db211
  RNKeychain: b8e0711b959a19c5b057d1e970d3c83d159b6da5
  RNOS: 6f2f9a70895bbbfbdad7196abd952e7b01d45027
  RNPermissions: 4b54095940aea8c03fa3e6c92d4ac3647b31ed4e
  RNReactNativeHapticFeedback: 653a8c126a0f5e88ce15ffe280b3ff37e1fbb285
  RNReanimated: c2bb7438b57a3d987bb2e4e6e4bca94787e30b02
  RNScreens: c526239bbe0e957b988dacc8d75ac94ec9cb19da
  RNShare: 48cf88cadf9ca2143cdaa557c1ec7f8808040ffc
  RNSVG: 8ba35cbeb385a52fd960fd28db9d7d18b4c2974f
  RNVectorIcons: 31cebfcf94e8cf8686eb5303ae0357da64d7a5a4
  SQLite.swift: d2b4642190917051ce6bd1d49aab565fe794eea3
  SwiftNIO: 829958aab300642625091f82fc2f49cb7cf4ef24
  SwiftNIOConcurrencyHelpers: 697370136789b1074e4535eaae75cbd7f900370e
  SwiftNIOCore: 473fdfe746534d7aa25766916459eeaf6f92ef49
  SwiftNIOEmbedded: ffcb5147db67d9686c8366b7f8427b36132f2c8a
  SwiftNIOFoundationCompat: b9cdbea4806e4a12e9f66d9696fa3b98c4c3232b
  SwiftNIOHPACK: e7d3ff5bd671528adfb11cd4e0c84ddfdc3c4453
  SwiftNIOHTTP1: ef56706550a1dc135ea69d65215b9941e643c23b
  SwiftNIOHTTP2: cc81d7a6ba70d2ddc5376f471904b27ef5d2b7b8
  SwiftNIOPosix: b49af4bdbecaadfadd5c93dfe28594d6722b75e4
  SwiftNIOSSL: d153c5a6fc5b2301b0519b4c4d037a9414212da6
  SwiftNIOTLS: 598af547490133e9aac52aed0c23c4a90c31dcfc
  SwiftNIOTransportServices: 0b2b407819d82eb63af558c5396e33c945759503
  SwiftProtobuf: 9f458aaa7844a2fc0b910053e66578bc4e2da9c1
  TcpSockets: 14306fb79f9750ea7d2ddd02d8bed182abb01797
  Yoga: a7de31c64fe738607e7a3803e3f591a4b1df7393
  ZcashLightClientKit: d5a681033b3f59c59c93837232ed7890d3e07918

PODFILE CHECKSUM: c225e9705a08c5da0dbc6c1b5e40dd5c90c45690

COCOAPODS: 1.11.3
