PODS:
  - _NIODataStructures (2.40.0)
  - boost (1.76.0)
  - CGRPCZlib (1.0.0-alpha.19)
  - CNIOAtomics (2.40.0)
  - CNIOBoringSSL (2.19.0)
  - CNIOBoringSSLShims (2.19.0):
    - CNIOBoringSSL (= 2.19.0)
  - CNIODarwin (2.40.0)
  - CNIOHTTPParser (2.40.0)
  - CNIOLinux (2.40.0)
  - CNIOWindows (2.40.0)
  - CocoaAsyncSocket (7.6.5)
  - DoubleConversion (1.1.6)
  - FBLazyVector (0.68.5)
  - FBReactNativeSpec (0.68.5):
    - RCT-Folly (= 2021.06.28.00-v2)
    - RCTRequired (= 0.68.5)
    - RCTTypeSafety (= 0.68.5)
    - React-Core (= 0.68.5)
    - React-jsi (= 0.68.5)
    - ReactCommon/turbomodule/core (= 0.68.5)
  - fmt (6.2.1)
  - glog (0.3.5)
  - gRPC-Swift (1.0.0-alpha.19):
    - CGRPCZlib (= 1.0.0-alpha.19)
    - Logging (< 2, >= 1.2.0)
    - SwiftNIO (< 3, >= 2.19.0)
    - SwiftNIOHTTP2 (< 2, >= 1.12.2)
    - SwiftNIOSSL (< 3, >= 2.8.0)
    - SwiftNIOTransportServices (< 2, >= 1.6.0)
    - SwiftProtobuf (< 2, >= 1.9.0)
  - InputMask (6.1.0)
  - Logging (1.4.0)
  - lottie-ios (3.4.4)
  - lottie-react-native (5.1.4):
    - lottie-ios (~> 3.4.0)
    - React-Core
  - MnemonicSwift (2.0.0)
  - Permission-Camera (3.1.0):
    - RNPermissions
  - Permission-PhotoLibrary (3.1.0):
    - RNPermissions
  - RCT-Folly (2021.06.28.00-v2):
    - boost
    - DoubleConversion
    - fmt (~> 6.2.1)
    - glog
    - RCT-Folly/Default (= 2021.06.28.00-v2)
  - RCT-Folly/Default (2021.06.28.00-v2):
    - boost
    - DoubleConversion
    - fmt (~> 6.2.1)
    - glog
  - RCTRequired (0.68.5)
  - RCTTypeSafety (0.68.5):
    - FBLazyVector (= 0.68.5)
    - RCT-Folly (= 2021.06.28.00-v2)
    - RCTRequired (= 0.68.5)
    - React-Core (= 0.68.5)
  - React (0.68.5):
    - React-Core (= 0.68.5)
    - React-Core/DevSupport (= 0.68.5)
    - React-Core/RCTWebSocket (= 0.68.5)
    - React-RCTActionSheet (= 0.68.5)
    - React-RCTAnimation (= 0.68.5)
    - React-RCTBlob (= 0.68.5)
    - React-RCTImage (= 0.68.5)
    - React-RCTLinking (= 0.68.5)
    - React-RCTNetwork (= 0.68.5)
    - React-RCTSettings (= 0.68.5)
    - React-RCTText (= 0.68.5)
    - React-RCTVibration (= 0.68.5)
  - React-callinvoker (0.68.5)
  - React-Codegen (0.68.5):
    - FBReactNativeSpec (= 0.68.5)
    - RCT-Folly (= 2021.06.28.00-v2)
    - RCTRequired (= 0.68.5)
    - RCTTypeSafety (= 0.68.5)
    - React-Core (= 0.68.5)
    - React-jsi (= 0.68.5)
    - React-jsiexecutor (= 0.68.5)
    - ReactCommon/turbomodule/core (= 0.68.5)
  - React-Core (0.68.5):
    - glog
    - RCT-Folly (= 2021.06.28.00-v2)
    - React-Core/Default (= 0.68.5)
    - React-cxxreact (= 0.68.5)
    - React-jsi (= 0.68.5)
    - React-jsiexecutor (= 0.68.5)
    - React-perflogger (= 0.68.5)
    - Yoga
  - React-Core/CoreModulesHeaders (0.68.5):
    - glog
    - RCT-Folly (= 2021.06.28.00-v2)
    - React-Core/Default
    - React-cxxreact (= 0.68.5)
    - React-jsi (= 0.68.5)
    - React-jsiexecutor (= 0.68.5)
    - React-perflogger (= 0.68.5)
    - Yoga
  - React-Core/Default (0.68.5):
    - glog
    - RCT-Folly (= 2021.06.28.00-v2)
    - React-cxxreact (= 0.68.5)
    - React-jsi (= 0.68.5)
    - React-jsiexecutor (= 0.68.5)
    - React-perflogger (= 0.68.5)
    - Yoga
  - React-Core/DevSupport (0.68.5):
    - glog
    - RCT-Folly (= 2021.06.28.00-v2)
    - React-Core/Default (= 0.68.5)
    - React-Core/RCTWebSocket (= 0.68.5)
    - React-cxxreact (= 0.68.5)
    - React-jsi (= 0.68.5)
    - React-jsiexecutor (= 0.68.5)
    - React-jsinspector (= 0.68.5)
    - React-perflogger (= 0.68.5)
    - Yoga
  - React-Core/RCTActionSheetHeaders (0.68.5):
    - glog
    - RCT-Folly (= 2021.06.28.00-v2)
    - React-Core/Default
    - React-cxxreact (= 0.68.5)
    - React-jsi (= 0.68.5)
    - React-jsiexecutor (= 0.68.5)
    - React-perflogger (= 0.68.5)
    - Yoga
  - React-Core/RCTAnimationHeaders (0.68.5):
    - glog
    - RCT-Folly (= 2021.06.28.00-v2)
    - React-Core/Default
    - React-cxxreact (= 0.68.5)
    - React-jsi (= 0.68.5)
    - React-jsiexecutor (= 0.68.5)
    - React-perflogger (= 0.68.5)
    - Yoga
  - React-Core/RCTBlobHeaders (0.68.5):
    - glog
    - RCT-Folly (= 2021.06.28.00-v2)
    - React-Core/Default
    - React-cxxreact (= 0.68.5)
    - React-jsi (= 0.68.5)
    - React-jsiexecutor (= 0.68.5)
    - React-perflogger (= 0.68.5)
    - Yoga
  - React-Core/RCTImageHeaders (0.68.5):
    - glog
    - RCT-Folly (= 2021.06.28.00-v2)
    - React-Core/Default
    - React-cxxreact (= 0.68.5)
    - React-jsi (= 0.68.5)
    - React-jsiexecutor (= 0.68.5)
    - React-perflogger (= 0.68.5)
    - Yoga
  - React-Core/RCTLinkingHeaders (0.68.5):
    - glog
    - RCT-Folly (= 2021.06.28.00-v2)
    - React-Core/Default
    - React-cxxreact (= 0.68.5)
    - React-jsi (= 0.68.5)
    - React-jsiexecutor (= 0.68.5)
    - React-perflogger (= 0.68.5)
    - Yoga
  - React-Core/RCTNetworkHeaders (0.68.5):
    - glog
    - RCT-Folly (= 2021.06.28.00-v2)
    - React-Core/Default
    - React-cxxreact (= 0.68.5)
    - React-jsi (= 0.68.5)
    - React-jsiexecutor (= 0.68.5)
    - React-perflogger (= 0.68.5)
    - Yoga
  - React-Core/RCTSettingsHeaders (0.68.5):
    - glog
    - RCT-Folly (= 2021.06.28.00-v2)
    - React-Core/Default
    - React-cxxreact (= 0.68.5)
    - React-jsi (= 0.68.5)
    - React-jsiexecutor (= 0.68.5)
    - React-perflogger (= 0.68.5)
    - Yoga
  - React-Core/RCTTextHeaders (0.68.5):
    - glog
    - RCT-Folly (= 2021.06.28.00-v2)
    - React-Core/Default
    - React-cxxreact (= 0.68.5)
    - React-jsi (= 0.68.5)
    - React-jsiexecutor (= 0.68.5)
    - React-perflogger (= 0.68.5)
    - Yoga
  - React-Core/RCTVibrationHeaders (0.68.5):
    - glog
    - RCT-Folly (= 2021.06.28.00-v2)
    - React-Core/Default
    - React-cxxreact (= 0.68.5)
    - React-jsi (= 0.68.5)
    - React-jsiexecutor (= 0.68.5)
    - React-perflogger (= 0.68.5)
    - Yoga
  - React-Core/RCTWebSocket (0.68.5):
    - glog
    - RCT-Folly (= 2021.06.28.00-v2)
    - React-Core/Default (= 0.68.5)
    - React-cxxreact (= 0.68.5)
    - React-jsi (= 0.68.5)
    - React-jsiexecutor (= 0.68.5)
    - React-perflogger (= 0.68.5)
    - Yoga
  - React-CoreModules (0.68.5):
    - RCT-Folly (= 2021.06.28.00-v2)
    - RCTTypeSafety (= 0.68.5)
    - React-Codegen (= 0.68.5)
    - React-Core/CoreModulesHeaders (= 0.68.5)
    - React-jsi (= 0.68.5)
    - React-RCTImage (= 0.68.5)
    - ReactCommon/turbomodule/core (= 0.68.5)
  - React-cxxreact (0.68.5):
    - boost (= 1.76.0)
    - DoubleConversion
    - glog
    - RCT-Folly (= 2021.06.28.00-v2)
    - React-callinvoker (= 0.68.5)
    - React-jsi (= 0.68.5)
    - React-jsinspector (= 0.68.5)
    - React-logger (= 0.68.5)
    - React-perflogger (= 0.68.5)
    - React-runtimeexecutor (= 0.68.5)
  - React-jsi (0.68.5):
    - boost (= 1.76.0)
    - DoubleConversion
    - glog
    - RCT-Folly (= 2021.06.28.00-v2)
    - React-jsi/Default (= 0.68.5)
  - React-jsi/Default (0.68.5):
    - boost (= 1.76.0)
    - DoubleConversion
    - glog
    - RCT-Folly (= 2021.06.28.00-v2)
  - React-jsiexecutor (0.68.5):
    - DoubleConversion
    - glog
    - RCT-Folly (= 2021.06.28.00-v2)
    - React-cxxreact (= 0.68.5)
    - React-jsi (= 0.68.5)
    - React-perflogger (= 0.68.5)
  - React-jsinspector (0.68.5)
  - React-logger (0.68.5):
    - glog
  - react-native-camera (3.22.1):
    - React
    - react-native-camera/RCT (= 3.22.1)
    - react-native-camera/RN (= 3.22.1)
  - react-native-camera/RCT (3.22.1):
    - React
  - react-native-camera/RN (3.22.1):
    - React
  - react-native-cameraroll (5.0.4):
    - React-Core
  - react-native-image-picker (4.0.6):
    - React-Core
  - react-native-netinfo (6.0.2):
    - React-Core
  - react-native-randombytes (3.6.1):
    - React-Core
  - react-native-safe-area-context (3.2.0):
    - React-Core
  - react-native-text-input-mask (3.1.4):
    - InputMask (~> 6.1.0)
    - React-Core
    - React-RCTText
  - react-native-udp (4.1.5):
    - CocoaAsyncSocket
    - React-Core
  - react-native-verus-light-client (1.0.0):
    - MnemonicSwift
    - React
    - React-Core
    - ZcashLightClientKit
  - React-perflogger (0.68.5)
  - React-RCTActionSheet (0.68.5):
    - React-Core/RCTActionSheetHeaders (= 0.68.5)
  - React-RCTAnimation (0.68.5):
    - RCT-Folly (= 2021.06.28.00-v2)
    - RCTTypeSafety (= 0.68.5)
    - React-Codegen (= 0.68.5)
    - React-Core/RCTAnimationHeaders (= 0.68.5)
    - React-jsi (= 0.68.5)
    - ReactCommon/turbomodule/core (= 0.68.5)
  - React-RCTBlob (0.68.5):
    - RCT-Folly (= 2021.06.28.00-v2)
    - React-Codegen (= 0.68.5)
    - React-Core/RCTBlobHeaders (= 0.68.5)
    - React-Core/RCTWebSocket (= 0.68.5)
    - React-jsi (= 0.68.5)
    - React-RCTNetwork (= 0.68.5)
    - ReactCommon/turbomodule/core (= 0.68.5)
  - React-RCTImage (0.68.5):
    - RCT-Folly (= 2021.06.28.00-v2)
    - RCTTypeSafety (= 0.68.5)
    - React-Codegen (= 0.68.5)
    - React-Core/RCTImageHeaders (= 0.68.5)
    - React-jsi (= 0.68.5)
    - React-RCTNetwork (= 0.68.5)
    - ReactCommon/turbomodule/core (= 0.68.5)
  - React-RCTLinking (0.68.5):
    - React-Codegen (= 0.68.5)
    - React-Core/RCTLinkingHeaders (= 0.68.5)
    - React-jsi (= 0.68.5)
    - ReactCommon/turbomodule/core (= 0.68.5)
  - React-RCTNetwork (0.68.5):
    - RCT-Folly (= 2021.06.28.00-v2)
    - RCTTypeSafety (= 0.68.5)
    - React-Codegen (= 0.68.5)
    - React-Core/RCTNetworkHeaders (= 0.68.5)
    - React-jsi (= 0.68.5)
    - ReactCommon/turbomodule/core (= 0.68.5)
  - React-RCTSettings (0.68.5):
    - RCT-Folly (= 2021.06.28.00-v2)
    - RCTTypeSafety (= 0.68.5)
    - React-Codegen (= 0.68.5)
    - React-Core/RCTSettingsHeaders (= 0.68.5)
    - React-jsi (= 0.68.5)
    - ReactCommon/turbomodule/core (= 0.68.5)
  - React-RCTText (0.68.5):
    - React-Core/RCTTextHeaders (= 0.68.5)
  - React-RCTVibration (0.68.5):
    - RCT-Folly (= 2021.06.28.00-v2)
    - React-Codegen (= 0.68.5)
    - React-Core/RCTVibrationHeaders (= 0.68.5)
    - React-jsi (= 0.68.5)
    - ReactCommon/turbomodule/core (= 0.68.5)
  - React-runtimeexecutor (0.68.5):
    - React-jsi (= 0.68.5)
  - ReactCommon/turbomodule/core (0.68.5):
    - DoubleConversion
    - glog
    - RCT-Folly (= 2021.06.28.00-v2)
    - React-callinvoker (= 0.68.5)
    - React-Core (= 0.68.5)
    - React-cxxreact (= 0.68.5)
    - React-jsi (= 0.68.5)
    - React-logger (= 0.68.5)
    - React-perflogger (= 0.68.5)
  - RNCAsyncStorage (1.17.10):
    - React-Core
  - RNCClipboard (1.5.1):
    - React-Core
  - RNCMaskedView (0.1.10):
    - React
  - RNDateTimePicker (3.5.2):
    - React-Core
  - RNFS (2.18.0):
    - React
  - RNGestureHandler (2.8.0):
    - React-Core
  - RNKeychain (6.2.0):
    - React
  - RNOS (1.2.7):
    - React
  - RNPermissions (3.1.0):
    - React-Core
  - RNReactNativeHapticFeedback (1.11.0):
    - React-Core
  - RNReanimated (2.2.4):
    - DoubleConversion
    - FBLazyVector
    - FBReactNativeSpec
    - glog
    - RCT-Folly
    - RCTRequired
    - RCTTypeSafety
    - React
    - React-callinvoker
    - React-Core
    - React-Core/DevSupport
    - React-Core/RCTWebSocket
    - React-CoreModules
    - React-cxxreact
    - React-jsi
    - React-jsiexecutor
    - React-jsinspector
    - React-RCTActionSheet
    - React-RCTAnimation
    - React-RCTBlob
    - React-RCTImage
    - React-RCTLinking
    - React-RCTNetwork
    - React-RCTSettings
    - React-RCTText
    - React-RCTVibration
    - ReactCommon/turbomodule/core
    - Yoga
  - RNScreens (2.9.0):
    - React
  - RNShare (1.2.1):
    - React
  - RNSVG (9.13.6):
    - React
  - RNVectorIcons (8.1.0):
    - React-Core
  - SQLite.swift (0.12.2):
    - SQLite.swift/standard (= 0.12.2)
  - SQLite.swift/standard (0.12.2)
  - SwiftNIO (2.40.0):
    - _NIODataStructures (= 2.40.0)
    - CNIOAtomics (= 2.40.0)
    - CNIODarwin (= 2.40.0)
    - CNIOLinux (= 2.40.0)
    - CNIOWindows (= 2.40.0)
    - SwiftNIOConcurrencyHelpers (= 2.40.0)
    - SwiftNIOCore (= 2.40.0)
    - SwiftNIOEmbedded (= 2.40.0)
    - SwiftNIOPosix (= 2.40.0)
  - SwiftNIOConcurrencyHelpers (2.40.0):
    - CNIOAtomics (= 2.40.0)
  - SwiftNIOCore (2.40.0):
    - CNIOAtomics (= 2.40.0)
    - CNIOLinux (= 2.40.0)
    - SwiftNIOConcurrencyHelpers (= 2.40.0)
  - SwiftNIOEmbedded (2.40.0):
    - _NIODataStructures (= 2.40.0)
    - CNIOAtomics (= 2.40.0)
    - CNIOLinux (= 2.40.0)
    - SwiftNIOConcurrencyHelpers (= 2.40.0)
    - SwiftNIOCore (= 2.40.0)
  - SwiftNIOFoundationCompat (2.40.0):
    - _NIODataStructures (= 2.40.0)
    - CNIOAtomics (= 2.40.0)
    - CNIODarwin (= 2.40.0)
    - CNIOLinux (= 2.40.0)
    - CNIOWindows (= 2.40.0)
    - SwiftNIO (= 2.40.0)
    - SwiftNIOConcurrencyHelpers (= 2.40.0)
    - SwiftNIOCore (= 2.40.0)
    - SwiftNIOEmbedded (= 2.40.0)
    - SwiftNIOPosix (= 2.40.0)
  - SwiftNIOHPACK (1.22.0):
    - _NIODataStructures (< 3, >= 2.35.0)
    - CNIOAtomics (< 3, >= 2.35.0)
    - CNIODarwin (< 3, >= 2.35.0)
    - CNIOHTTPParser (< 3, >= 2.35.0)
    - CNIOLinux (< 3, >= 2.35.0)
    - CNIOWindows (< 3, >= 2.35.0)
    - SwiftNIO (< 3, >= 2.35.0)
    - SwiftNIOConcurrencyHelpers (< 3, >= 2.35.0)
    - SwiftNIOCore (< 3, >= 2.35.0)
    - SwiftNIOEmbedded (< 3, >= 2.35.0)
    - SwiftNIOHTTP1 (< 3, >= 2.35.0)
    - SwiftNIOPosix (< 3, >= 2.35.0)
  - SwiftNIOHTTP1 (2.40.0):
    - _NIODataStructures (= 2.40.0)
    - CNIOAtomics (= 2.40.0)
    - CNIODarwin (= 2.40.0)
    - CNIOHTTPParser (= 2.40.0)
    - CNIOLinux (= 2.40.0)
    - CNIOWindows (= 2.40.0)
    - SwiftNIO (= 2.40.0)
    - SwiftNIOConcurrencyHelpers (= 2.40.0)
    - SwiftNIOCore (= 2.40.0)
    - SwiftNIOEmbedded (= 2.40.0)
    - SwiftNIOPosix (= 2.40.0)
  - SwiftNIOHTTP2 (1.22.0):
    - _NIODataStructures (< 3, >= 2.35.0)
    - CNIOAtomics (< 3, >= 2.35.0)
    - CNIODarwin (< 3, >= 2.35.0)
    - CNIOHTTPParser (< 3, >= 2.35.0)
    - CNIOLinux (< 3, >= 2.35.0)
    - CNIOWindows (< 3, >= 2.35.0)
    - SwiftNIO (< 3, >= 2.35.0)
    - SwiftNIOConcurrencyHelpers (< 3, >= 2.35.0)
    - SwiftNIOCore (< 3, >= 2.35.0)
    - SwiftNIOEmbedded (< 3, >= 2.35.0)
    - SwiftNIOHPACK (= 1.22.0)
    - SwiftNIOHTTP1 (< 3, >= 2.35.0)
    - SwiftNIOPosix (< 3, >= 2.35.0)
    - SwiftNIOTLS (< 3, >= 2.35.0)
  - SwiftNIOPosix (2.40.0):
    - _NIODataStructures (= 2.40.0)
    - CNIOAtomics (= 2.40.0)
    - CNIODarwin (= 2.40.0)
    - CNIOLinux (= 2.40.0)
    - CNIOWindows (= 2.40.0)
    - SwiftNIOConcurrencyHelpers (= 2.40.0)
    - SwiftNIOCore (= 2.40.0)
  - SwiftNIOSSL (2.19.0):
    - _NIODataStructures (< 3, >= 2.32.0)
    - CNIOAtomics (< 3, >= 2.32.0)
    - CNIOBoringSSL (= 2.19.0)
    - CNIOBoringSSLShims (= 2.19.0)
    - CNIODarwin (< 3, >= 2.32.0)
    - CNIOLinux (< 3, >= 2.32.0)
    - CNIOWindows (< 3, >= 2.32.0)
    - SwiftNIO (< 3, >= 2.32.0)
    - SwiftNIOConcurrencyHelpers (< 3, >= 2.32.0)
    - SwiftNIOCore (< 3, >= 2.32.0)
    - SwiftNIOEmbedded (< 3, >= 2.32.0)
    - SwiftNIOPosix (< 3, >= 2.32.0)
    - SwiftNIOTLS (< 3, >= 2.32.0)
  - SwiftNIOTLS (2.40.0):
    - _NIODataStructures (= 2.40.0)
    - CNIOAtomics (= 2.40.0)
    - CNIODarwin (= 2.40.0)
    - CNIOLinux (= 2.40.0)
    - CNIOWindows (= 2.40.0)
    - SwiftNIO (= 2.40.0)
    - SwiftNIOConcurrencyHelpers (= 2.40.0)
    - SwiftNIOCore (= 2.40.0)
    - SwiftNIOEmbedded (= 2.40.0)
    - SwiftNIOPosix (= 2.40.0)
  - SwiftNIOTransportServices (1.12.0):
    - _NIODataStructures (< 3, >= 2.32.0)
    - CNIOAtomics (< 3, >= 2.32.0)
    - CNIODarwin (< 3, >= 2.32.0)
    - CNIOLinux (< 3, >= 2.32.0)
    - CNIOWindows (< 3, >= 2.32.0)
    - SwiftNIO (< 3, >= 2.32.0)
    - SwiftNIOConcurrencyHelpers (< 3, >= 2.32.0)
    - SwiftNIOCore (< 3, >= 2.32.0)
    - SwiftNIOEmbedded (< 3, >= 2.32.0)
    - SwiftNIOFoundationCompat (< 3, >= 2.32.0)
    - SwiftNIOPosix (< 3, >= 2.32.0)
    - SwiftNIOTLS (< 3, >= 2.32.0)
  - SwiftProtobuf (1.20.3)
  - TcpSockets (4.0.0):
    - React
  - Yoga (1.14.0)
  - ZcashLightClientKit (0.9.1):
    - gRPC-Swift (= 1.0.0-alpha.19)
    - SQLite.swift (~> 0.12.2)
  - ZcashLightClientKit/Tests (0.9.1):
    - gRPC-Swift (= 1.0.0-alpha.19)
    - SQLite.swift (~> 0.12.2)

DEPENDENCIES:
  - boost (from `../node_modules/react-native/third-party-podspecs/boost.podspec`)
  - CocoaAsyncSocket
  - DoubleConversion (from `../node_modules/react-native/third-party-podspecs/DoubleConversion.podspec`)
  - FBLazyVector (from `../node_modules/react-native/Libraries/FBLazyVector`)
  - FBReactNativeSpec (from `../node_modules/react-native/React/FBReactNativeSpec`)
  - glog (from `../node_modules/react-native/third-party-podspecs/glog.podspec`)
  - lottie-react-native (from `../node_modules/lottie-react-native`)
  - MnemonicSwift (~> 2.0.0)
  - Permission-Camera (from `../node_modules/react-native-permissions/ios/Camera/Permission-Camera.podspec`)
  - Permission-PhotoLibrary (from `../node_modules/react-native-permissions/ios/PhotoLibrary/Permission-PhotoLibrary.podspec`)
  - RCT-Folly (from `../node_modules/react-native/third-party-podspecs/RCT-Folly.podspec`)
  - RCTRequired (from `../node_modules/react-native/Libraries/RCTRequired`)
  - RCTTypeSafety (from `../node_modules/react-native/Libraries/TypeSafety`)
  - React (from `../node_modules/react-native/`)
  - React-callinvoker (from `../node_modules/react-native/ReactCommon/callinvoker`)
  - React-Codegen (from `build/generated/ios`)
  - React-Core (from `../node_modules/react-native/`)
  - React-Core/DevSupport (from `../node_modules/react-native/`)
  - React-Core/RCTWebSocket (from `../node_modules/react-native/`)
  - React-CoreModules (from `../node_modules/react-native/React/CoreModules`)
  - React-cxxreact (from `../node_modules/react-native/ReactCommon/cxxreact`)
  - React-jsi (from `../node_modules/react-native/ReactCommon/jsi`)
  - React-jsiexecutor (from `../node_modules/react-native/ReactCommon/jsiexecutor`)
  - React-jsinspector (from `../node_modules/react-native/ReactCommon/jsinspector`)
  - React-logger (from `../node_modules/react-native/ReactCommon/logger`)
  - react-native-camera (from `../node_modules/react-native-camera`)
  - "react-native-cameraroll (from `../node_modules/@react-native-camera-roll/camera-roll`)"
  - react-native-image-picker (from `../node_modules/react-native-image-picker`)
  - "react-native-netinfo (from `../node_modules/@react-native-community/netinfo`)"
  - react-native-randombytes (from `../node_modules/react-native-randombytes`)
  - react-native-safe-area-context (from `../node_modules/react-native-safe-area-context`)
  - react-native-text-input-mask (from `../node_modules/react-native-text-input-mask`)
  - react-native-udp (from `../node_modules/react-native-udp`)
  - react-native-verus-light-client (from `../node_modules/react-native-verus-light-client`)
  - React-perflogger (from `../node_modules/react-native/ReactCommon/reactperflogger`)
  - React-RCTActionSheet (from `../node_modules/react-native/Libraries/ActionSheetIOS`)
  - React-RCTAnimation (from `../node_modules/react-native/Libraries/NativeAnimation`)
  - React-RCTBlob (from `../node_modules/react-native/Libraries/Blob`)
  - React-RCTImage (from `../node_modules/react-native/Libraries/Image`)
  - React-RCTLinking (from `../node_modules/react-native/Libraries/LinkingIOS`)
  - React-RCTNetwork (from `../node_modules/react-native/Libraries/Network`)
  - React-RCTSettings (from `../node_modules/react-native/Libraries/Settings`)
  - React-RCTText (from `../node_modules/react-native/Libraries/Text`)
  - React-RCTVibration (from `../node_modules/react-native/Libraries/Vibration`)
  - React-runtimeexecutor (from `../node_modules/react-native/ReactCommon/runtimeexecutor`)
  - ReactCommon/turbomodule/core (from `../node_modules/react-native/ReactCommon`)
  - "RNCAsyncStorage (from `../node_modules/@react-native-async-storage/async-storage`)"
  - "RNCClipboard (from `../node_modules/@react-native-community/clipboard`)"
  - "RNCMaskedView (from `../node_modules/@react-native-community/masked-view`)"
  - "RNDateTimePicker (from `../node_modules/@react-native-community/datetimepicker`)"
  - RNFS (from `../node_modules/react-native-fs`)
  - RNGestureHandler (from `../node_modules/react-native-gesture-handler`)
  - RNKeychain (from `../node_modules/react-native-keychain`)
  - RNOS (from `../node_modules/react-native-os`)
  - RNPermissions (from `../node_modules/react-native-permissions`)
  - RNReactNativeHapticFeedback (from `../node_modules/react-native-haptic-feedback`)
  - RNReanimated (from `../node_modules/react-native-reanimated`)
  - RNScreens (from `../node_modules/react-native-screens`)
  - RNShare (from `../node_modules/react-native-share`)
  - RNSVG (from `../node_modules/react-native-svg`)
  - RNVectorIcons (from `../node_modules/react-native-vector-icons`)
  - SwiftNIO (= 2.40.0)
  - TcpSockets (from `../node_modules/react-native-tcp`)
  - Yoga (from `../node_modules/react-native/ReactCommon/yoga`)
  - ZcashLightClientKit (from `https://github.com/michaeltout/ZcashLightClientKit.git`, branch `0.9.1`)
  - ZcashLightClientKit/Tests (from `https://github.com/michaeltout/ZcashLightClientKit.git`, branch `0.9.1`)

SPEC REPOS:
  trunk:
    - _NIODataStructures
    - CGRPCZlib
    - CNIOAtomics
    - CNIOBoringSSL
    - CNIOBoringSSLShims
    - CNIODarwin
    - CNIOHTTPParser
    - CNIOLinux
    - CNIOWindows
    - CocoaAsyncSocket
    - fmt
    - gRPC-Swift
    - InputMask
    - Logging
    - lottie-ios
    - MnemonicSwift
    - SQLite.swift
    - SwiftNIO
    - SwiftNIOConcurrencyHelpers
    - SwiftNIOCore
    - SwiftNIOEmbedded
    - SwiftNIOFoundationCompat
    - SwiftNIOHPACK
    - SwiftNIOHTTP1
    - SwiftNIOHTTP2
    - SwiftNIOPosix
    - SwiftNIOSSL
    - SwiftNIOTLS
    - SwiftNIOTransportServices
    - SwiftProtobuf

EXTERNAL SOURCES:
  boost:
    :podspec: "../node_modules/react-native/third-party-podspecs/boost.podspec"
  DoubleConversion:
    :podspec: "../node_modules/react-native/third-party-podspecs/DoubleConversion.podspec"
  FBLazyVector:
    :path: "../node_modules/react-native/Libraries/FBLazyVector"
  FBReactNativeSpec:
    :path: "../node_modules/react-native/React/FBReactNativeSpec"
  glog:
    :podspec: "../node_modules/react-native/third-party-podspecs/glog.podspec"
  lottie-react-native:
    :path: "../node_modules/lottie-react-native"
  Permission-Camera:
    :path: "../node_modules/react-native-permissions/ios/Camera/Permission-Camera.podspec"
  Permission-PhotoLibrary:
    :path: "../node_modules/react-native-permissions/ios/PhotoLibrary/Permission-PhotoLibrary.podspec"
  RCT-Folly:
    :podspec: "../node_modules/react-native/third-party-podspecs/RCT-Folly.podspec"
  RCTRequired:
    :path: "../node_modules/react-native/Libraries/RCTRequired"
  RCTTypeSafety:
    :path: "../node_modules/react-native/Libraries/TypeSafety"
  React:
    :path: "../node_modules/react-native/"
  React-callinvoker:
    :path: "../node_modules/react-native/ReactCommon/callinvoker"
  React-Codegen:
    :path: build/generated/ios
  React-Core:
    :path: "../node_modules/react-native/"
  React-CoreModules:
    :path: "../node_modules/react-native/React/CoreModules"
  React-cxxreact:
    :path: "../node_modules/react-native/ReactCommon/cxxreact"
  React-jsi:
    :path: "../node_modules/react-native/ReactCommon/jsi"
  React-jsiexecutor:
    :path: "../node_modules/react-native/ReactCommon/jsiexecutor"
  React-jsinspector:
    :path: "../node_modules/react-native/ReactCommon/jsinspector"
  React-logger:
    :path: "../node_modules/react-native/ReactCommon/logger"
  react-native-camera:
    :path: "../node_modules/react-native-camera"
  react-native-cameraroll:
    :path: "../node_modules/@react-native-camera-roll/camera-roll"
  react-native-image-picker:
    :path: "../node_modules/react-native-image-picker"
  react-native-netinfo:
    :path: "../node_modules/@react-native-community/netinfo"
  react-native-randombytes:
    :path: "../node_modules/react-native-randombytes"
  react-native-safe-area-context:
    :path: "../node_modules/react-native-safe-area-context"
  react-native-text-input-mask:
    :path: "../node_modules/react-native-text-input-mask"
  react-native-udp:
    :path: "../node_modules/react-native-udp"
  react-native-verus-light-client:
    :path: "../node_modules/react-native-verus-light-client"
  React-perflogger:
    :path: "../node_modules/react-native/ReactCommon/reactperflogger"
  React-RCTActionSheet:
    :path: "../node_modules/react-native/Libraries/ActionSheetIOS"
  React-RCTAnimation:
    :path: "../node_modules/react-native/Libraries/NativeAnimation"
  React-RCTBlob:
    :path: "../node_modules/react-native/Libraries/Blob"
  React-RCTImage:
    :path: "../node_modules/react-native/Libraries/Image"
  React-RCTLinking:
    :path: "../node_modules/react-native/Libraries/LinkingIOS"
  React-RCTNetwork:
    :path: "../node_modules/react-native/Libraries/Network"
  React-RCTSettings:
    :path: "../node_modules/react-native/Libraries/Settings"
  React-RCTText:
    :path: "../node_modules/react-native/Libraries/Text"
  React-RCTVibration:
    :path: "../node_modules/react-native/Libraries/Vibration"
  React-runtimeexecutor:
    :path: "../node_modules/react-native/ReactCommon/runtimeexecutor"
  ReactCommon:
    :path: "../node_modules/react-native/ReactCommon"
  RNCAsyncStorage:
    :path: "../node_modules/@react-native-async-storage/async-storage"
  RNCClipboard:
    :path: "../node_modules/@react-native-community/clipboard"
  RNCMaskedView:
    :path: "../node_modules/@react-native-community/masked-view"
  RNDateTimePicker:
    :path: "../node_modules/@react-native-community/datetimepicker"
  RNFS:
    :path: "../node_modules/react-native-fs"
  RNGestureHandler:
    :path: "../node_modules/react-native-gesture-handler"
  RNKeychain:
    :path: "../node_modules/react-native-keychain"
  RNOS:
    :path: "../node_modules/react-native-os"
  RNPermissions:
    :path: "../node_modules/react-native-permissions"
  RNReactNativeHapticFeedback:
    :path: "../node_modules/react-native-haptic-feedback"
  RNReanimated:
    :path: "../node_modules/react-native-reanimated"
  RNScreens:
    :path: "../node_modules/react-native-screens"
  RNShare:
    :path: "../node_modules/react-native-share"
  RNSVG:
    :path: "../node_modules/react-native-svg"
  RNVectorIcons:
    :path: "../node_modules/react-native-vector-icons"
  TcpSockets:
    :path: "../node_modules/react-native-tcp"
  Yoga:
    :path: "../node_modules/react-native/ReactCommon/yoga"
  ZcashLightClientKit:
    :branch: 0.9.1
    :git: https://github.com/michaeltout/ZcashLightClientKit.git

CHECKOUT OPTIONS:
  ZcashLightClientKit:
    :commit: 8e3f0269f4fb312d01face170520e954aaa7c71b
    :git: https://github.com/michaeltout/ZcashLightClientKit.git

SPEC CHECKSUMS:
  _NIODataStructures: 3d45d8e70a1d17a15b1dc59d102c63dbc0525ffd
  boost: a7c83b31436843459a1961bfd74b96033dc77234
  CGRPCZlib: befd9b92013c647f18aa9b7d9e9231d52e1ced1b
  CNIOAtomics: 8edf08644e5e6fa0f021c239be9e8beb1cd9ef18
  CNIOBoringSSL: 2c9c96c2e95f15e83fb8d26b9738d939cc39ae33
  CNIOBoringSSLShims: c5c9346e7bbd1040f4f8793a35441dda7487539a
  CNIODarwin: 93850990d29f2626b05306c6c9309f9be0d74c2f
  CNIOHTTPParser: 8ce395236fa1d09ac3b4f4bcfba79b849b2ac684
  CNIOLinux: 62e3505f50de558c393dc2f273dde71dcce518da
  CNIOWindows: 3047f2d8165848a3936a0a755fee27c6b5ee479b
  CocoaAsyncSocket: 065fd1e645c7abab64f7a6a2007a48038fdc6a99
  DoubleConversion: 831926d9b8bf8166fd87886c4abab286c2422662
  FBLazyVector: 2b47ff52037bd9ae07cc9b051c9975797814b736
  FBReactNativeSpec: 0e0d384ef17a33b385f13f0c7f97702c7cd17858
  fmt: ff9d55029c625d3757ed641535fd4a75fedc7ce9
  glog: 476ee3e89abb49e07f822b48323c51c57124b572
  gRPC-Swift: 75a7a8d7cd08177165ef971159afb84e5130cfc9
  InputMask: 71d291dc54d2deaeac6512afb6ec2304228c0bb7
  Logging: beeb016c9c80cf77042d62e83495816847ef108b
  lottie-ios: 8f97d3271e155c2d688875c29cd3c74908aef5f8
  lottie-react-native: b702fab740cdb952a8e2354713d3beda63ff97b0
  MnemonicSwift: 36384fc6b2640d93df9fe9fb60a8da7957cec36d
  Permission-Camera: 0db4fd6e1c556c1cf47f38b989a8084cea3ec3dd
  Permission-PhotoLibrary: 9dcf80d1353d81b9f1e210c34291591236aaf2b6
  RCT-Folly: 4d8508a426467c48885f1151029bc15fa5d7b3b8
  RCTRequired: 0f06b6068f530932d10e1a01a5352fad4eaacb74
  RCTTypeSafety: b0ee81f10ef1b7d977605a2b266823dabd565e65
  React: 3becd12bd51ea8a43bdde7e09d0f40fba7820e03
  React-callinvoker: 11abfff50e6bf7a55b3a90b4dc2187f71f224593
  React-Codegen: f8946ce0768fb8e92e092e30944489c4b2955b2d
  React-Core: 203cdb6ee2657b198d97d41031c249161060e6ca
  React-CoreModules: 6eb0c06a4a223fde2cb6a8d0f44f58b67e808942
  React-cxxreact: afb0c6c07d19adbd850747fedeac20c6832d40b9
  React-jsi: 14d37a6db2af2c1a49f6f5c2e4ee667c364ae45c
  React-jsiexecutor: 45c0496ca8cef6b02d9fa0274c25cf458fe91a56
  React-jsinspector: eb202e43b3879aba9a14f3f65788aec85d4e1ea9
  React-logger: 98f663b292a60967ebbc6d803ae96c1381183b6d
  react-native-camera: a49f960eb362b9fbff87667c0ce639eef1161530
  react-native-cameraroll: 38b40d9033e4077b6c603f92f95c6d05fa7907df
  react-native-image-picker: a6e56460d34905c849ada551db30897dc7f3d535
  react-native-netinfo: 92e6e4476eb8bf6fc2d7c0a6ca0a1406f663d73a
  react-native-randombytes: 421f1c7d48c0af8dbcd471b0324393ebf8fe7846
  react-native-safe-area-context: f0906bf8bc9835ac9a9d3f97e8bde2a997d8da79
  react-native-text-input-mask: 36a546b378fadd2efe1b7484a859d34bc2c80395
  react-native-udp: 8864b1211857e9d8224ae5cbaf8580970fb99de1
  react-native-verus-light-client: ba8400658314adecefa08593e46d9fa69029bea8
  React-perflogger: 0458a87ea9a7342079e7a31b0d32b3734fb8415f
  React-RCTActionSheet: 22538001ea2926dea001111dd2846c13a0730bc9
  React-RCTAnimation: 732ce66878d4aa151d56a0d142b1105aa12fd313
  React-RCTBlob: 9cb9e3e9a41d27be34aaf89b0e0f52c7ca415d57
  React-RCTImage: 6bd16627eb9c4bb79903c4cdec7c551266ee1a5b
  React-RCTLinking: e9edfc8919c8fa9a3f3c7b34362811f58a2ebba4
  React-RCTNetwork: 880eccd21bbe2660a0b63da5ccba75c46eceeaa6
  React-RCTSettings: 8c85d8188c97d6c6bd470af6631a6c4555b79bb3
  React-RCTText: bbd275ee287730c5acbab1aadc0db39c25c5c64e
  React-RCTVibration: 9819a3bf6230e4b2a99877c21268b0b2416157a1
  React-runtimeexecutor: b1f1995089b90696dbc2a7ffe0059a80db5c8eb1
  ReactCommon: 149e2c0acab9bac61378da0db5b2880a1b5ff59b
  RNCAsyncStorage: 0c357f3156fcb16c8589ede67cc036330b6698ca
  RNCClipboard: 41d8d918092ae8e676f18adada19104fa3e68495
  RNCMaskedView: 5a8ec07677aa885546a0d98da336457e2bea557f
  RNDateTimePicker: 7658208086d86d09e1627b5c34ba0cf237c60140
  RNFS: 3ab21fa6c56d65566d1fb26c2228e2b6132e5e32
  RNGestureHandler: 62232ba8f562f7dea5ba1b3383494eb5bf97a4d3
  RNKeychain: b8e0711b959a19c5b057d1e970d3c83d159b6da5
  RNOS: 728cdea6d232de48cfede274443dbe3f669b86e9
  RNPermissions: 4b54095940aea8c03fa3e6c92d4ac3647b31ed4e
  RNReactNativeHapticFeedback: 653a8c126a0f5e88ce15ffe280b3ff37e1fbb285
  RNReanimated: e7d8afaf8fed4b3bf1a46e06adb2e04a2b248f1c
  RNScreens: c526239bbe0e957b988dacc8d75ac94ec9cb19da
  RNShare: 48cf88cadf9ca2143cdaa557c1ec7f8808040ffc
  RNSVG: 8ba35cbeb385a52fd960fd28db9d7d18b4c2974f
  RNVectorIcons: 31cebfcf94e8cf8686eb5303ae0357da64d7a5a4
  SQLite.swift: d2b4642190917051ce6bd1d49aab565fe794eea3
  SwiftNIO: 829958aab300642625091f82fc2f49cb7cf4ef24
  SwiftNIOConcurrencyHelpers: 697370136789b1074e4535eaae75cbd7f900370e
  SwiftNIOCore: 473fdfe746534d7aa25766916459eeaf6f92ef49
  SwiftNIOEmbedded: ffcb5147db67d9686c8366b7f8427b36132f2c8a
  SwiftNIOFoundationCompat: b9cdbea4806e4a12e9f66d9696fa3b98c4c3232b
  SwiftNIOHPACK: e7d3ff5bd671528adfb11cd4e0c84ddfdc3c4453
  SwiftNIOHTTP1: ef56706550a1dc135ea69d65215b9941e643c23b
  SwiftNIOHTTP2: cc81d7a6ba70d2ddc5376f471904b27ef5d2b7b8
  SwiftNIOPosix: b49af4bdbecaadfadd5c93dfe28594d6722b75e4
  SwiftNIOSSL: d153c5a6fc5b2301b0519b4c4d037a9414212da6
  SwiftNIOTLS: 598af547490133e9aac52aed0c23c4a90c31dcfc
  SwiftNIOTransportServices: 0b2b407819d82eb63af558c5396e33c945759503
  SwiftProtobuf: b02b5075dcf60c9f5f403000b3b0c202a11b6ae1
  TcpSockets: 4ef55305239923b343ed0a378b1fac188b1373b0
  Yoga: c4d61225a466f250c35c1ee78d2d0b3d41fe661c
  ZcashLightClientKit: d5a681033b3f59c59c93837232ed7890d3e07918

PODFILE CHECKSUM: cac9c8c8bf69eea5d96a815eb63c90658fd745be

COCOAPODS: 1.11.3
