// !$*UTF8*$!
{
	archiveVersion = 1;
	classes = {
	};
	objectVersion = 46;
	objects = {

/* Begin PBXBuildFile section */
		0C59AB24F8894E178CAADBCF /* SourceSansPro-Black.ttf in Resources */ = {isa = PBXBuildFile; fileRef = F9BEFF74016C4E76B8E3F8E8 /* SourceSansPro-Black.ttf */; };
		11D3A4425840432AADAC830C /* SourceSansPro-SemiBold.ttf in Resources */ = {isa = PBXBuildFile; fileRef = E7CAC9CBB65F47A6B883FBD2 /* SourceSansPro-SemiBold.ttf */; };
		13B07FBC1A68108700A75B9A /* AppDelegate.m in Sources */ = {isa = PBXBuildFile; fileRef = 13B07FB01A68108700A75B9A /* AppDelegate.m */; };
		13B07FBD1A68108700A75B9A /* LaunchScreen.xib in Resources */ = {isa = PBXBuildFile; fileRef = 13B07FB11A68108700A75B9A /* LaunchScreen.xib */; };
		13B07FBF1A68108700A75B9A /* Images.xcassets in Resources */ = {isa = PBXBuildFile; fileRef = 13B07FB51A68108700A75B9A /* Images.xcassets */; };
		13B07FC11A68108700A75B9A /* main.m in Sources */ = {isa = PBXBuildFile; fileRef = 13B07FB71A68108700A75B9A /* main.m */; };
		14120DFC78524B278EF25500 /* SourceSansPro-ExtraLightItalic.ttf in Resources */ = {isa = PBXBuildFile; fileRef = 1F6DE040AD384CD4926B9D03 /* SourceSansPro-ExtraLightItalic.ttf */; };
		2D02E4BC1E0B4A80006451C7 /* AppDelegate.m in Sources */ = {isa = PBXBuildFile; fileRef = 13B07FB01A68108700A75B9A /* AppDelegate.m */; };
		2D02E4BD1E0B4A84006451C7 /* Images.xcassets in Resources */ = {isa = PBXBuildFile; fileRef = 13B07FB51A68108700A75B9A /* Images.xcassets */; };
		2D02E4BF1E0B4AB3006451C7 /* main.m in Sources */ = {isa = PBXBuildFile; fileRef = 13B07FB71A68108700A75B9A /* main.m */; };
		2D096AA5ABC545E7B4421AA6 /* SourceSansPro-Bold.ttf in Resources */ = {isa = PBXBuildFile; fileRef = C37976CFD29D43DEBE8AB634 /* SourceSansPro-Bold.ttf */; };
		2DCD954D1E0B4F2C00145EB5 /* verusmobileTests.m in Sources */ = {isa = PBXBuildFile; fileRef = 00E356F21AD99517003FC87E /* verusmobileTests.m */; };
		4D8F8BC85DF4453FBF0515FE /* SourceSansPro-SemiBoldItalic.ttf in Resources */ = {isa = PBXBuildFile; fileRef = 1BBB92052F164D6388DFCB56 /* SourceSansPro-SemiBoldItalic.ttf */; };
		4E4D0A66241530330069A5A7 /* sapling-output.params in Resources */ = {isa = PBXBuildFile; fileRef = 4E4D0A6424152FE90069A5A7 /* sapling-output.params */; };
		4E4D0A67241530350069A5A7 /* sapling-spend.params in Resources */ = {isa = PBXBuildFile; fileRef = 4E4D0A6524152FF00069A5A7 /* sapling-spend.params */; };
		4E80A310241028FC00F037A9 /* bridge.swift in Sources */ = {isa = PBXBuildFile; fileRef = 4E80A30F241028FC00F037A9 /* bridge.swift */; };
		4E9EA99B23BB63A800B9FA10 /* main.jsbundle in Resources */ = {isa = PBXBuildFile; fileRef = 008F07F21AC5B25A0029DE68 /* main.jsbundle */; };
		4E9EA99D23BB985300B9FA10 /* assets in Resources */ = {isa = PBXBuildFile; fileRef = 4E9EA99C23BB985200B9FA10 /* assets */; };
		4EAC77502411690900A7D427 /* BuildFile in Embed Frameworks */ = {isa = PBXBuildFile; settings = {ATTRIBUTES = (CodeSignOnCopy, RemoveHeadersOnCopy, ); }; };
		5E192C160435467282AA50EC /* SourceSansPro-LightItalic.ttf in Resources */ = {isa = PBXBuildFile; fileRef = 3D75763453624C50830E810F /* SourceSansPro-LightItalic.ttf */; };
		7575623222F346C1998DBA73 /* SourceSansPro-BoldItalic.ttf in Resources */ = {isa = PBXBuildFile; fileRef = AE7959201E5F412EAC047D5C /* SourceSansPro-BoldItalic.ttf */; };
		81602464E283406280F9ADAE /* SourceSansPro-BlackItalic.ttf in Resources */ = {isa = PBXBuildFile; fileRef = CC50E27923FC4379A9C3F9AD /* SourceSansPro-BlackItalic.ttf */; };
		8BA771AEA58BD885BB404D85 /* libPods-verusmobile.a in Frameworks */ = {isa = PBXBuildFile; fileRef = 751808351752CF908B2602F1 /* libPods-verusmobile.a */; };
		9AE9535D72AD468595BE61AF /* SourceSansPro-Italic.ttf in Resources */ = {isa = PBXBuildFile; fileRef = 4C1B7B5EBF81438E92B482C1 /* SourceSansPro-Italic.ttf */; };
		A0E779FFA9884610B8FC5A93 /* SourceSansPro-Light.ttf in Resources */ = {isa = PBXBuildFile; fileRef = DC363AC392FE4516AE9F7301 /* SourceSansPro-Light.ttf */; };
		B46C523B6F814306BB98FE97 /* SourceSansPro-ExtraLight.ttf in Resources */ = {isa = PBXBuildFile; fileRef = 25892E8D04D14F4D9D56BB7A /* SourceSansPro-ExtraLight.ttf */; };
		B99FA08CBA3F486F9EBDD929 /* SourceSansPro-Regular.ttf in Resources */ = {isa = PBXBuildFile; fileRef = 1FDCBCD1026441C7B868F375 /* SourceSansPro-Regular.ttf */; };
		C3F0F1EC224C38D900279E92 /* JavaScriptCore.framework in Frameworks */ = {isa = PBXBuildFile; fileRef = C3F0F1EB224C38D900279E92 /* JavaScriptCore.framework */; };
/* End PBXBuildFile section */

/* Begin PBXContainerItemProxy section */
		2D02E4911E0B4A5D006451C7 /* PBXContainerItemProxy */ = {
			isa = PBXContainerItemProxy;
			containerPortal = 83CBB9F71A601CBA00E9B192 /* Project object */;
			proxyType = 1;
			remoteGlobalIDString = 2D02E47A1E0B4A5D006451C7;
			remoteInfo = "verusmobile-tvOS";
		};
		C3F0F1DE224C354800279E92 /* PBXContainerItemProxy */ = {
			isa = PBXContainerItemProxy;
			containerPortal = DFF57B3EB4F24D3E91E7F92C /* ReactNativePermissions.xcodeproj */;
			proxyType = 2;
			remoteGlobalIDString = 9D23B34F1C767B80008B4819;
			remoteInfo = ReactNativePermissions;
		};
/* End PBXContainerItemProxy section */

/* Begin PBXCopyFilesBuildPhase section */
		3755ABA2237EB50400393E99 /* Embed Frameworks */ = {
			isa = PBXCopyFilesBuildPhase;
			buildActionMask = 2147483647;
			dstPath = "";
			dstSubfolderSpec = 10;
			files = (
				4EAC77502411690900A7D427 /* BuildFile in Embed Frameworks */,
			);
			name = "Embed Frameworks";
			runOnlyForDeploymentPostprocessing = 0;
		};
/* End PBXCopyFilesBuildPhase section */

/* Begin PBXFileReference section */
		008F07F21AC5B25A0029DE68 /* main.jsbundle */ = {isa = PBXFileReference; fileEncoding = 4; lastKnownFileType = text; path = main.jsbundle; sourceTree = "<group>"; };
		00E356F11AD99517003FC87E /* Info.plist */ = {isa = PBXFileReference; lastKnownFileType = text.plist.xml; path = Info.plist; sourceTree = "<group>"; };
		00E356F21AD99517003FC87E /* verusmobileTests.m */ = {isa = PBXFileReference; lastKnownFileType = sourcecode.c.objc; path = verusmobileTests.m; sourceTree = "<group>"; };
		13B07F961A680F5B00A75B9A /* verusmobile.app */ = {isa = PBXFileReference; explicitFileType = wrapper.application; includeInIndex = 0; path = verusmobile.app; sourceTree = BUILT_PRODUCTS_DIR; };
		13B07FAF1A68108700A75B9A /* AppDelegate.h */ = {isa = PBXFileReference; fileEncoding = 4; lastKnownFileType = sourcecode.c.h; name = AppDelegate.h; path = verusmobile/AppDelegate.h; sourceTree = "<group>"; };
		13B07FB01A68108700A75B9A /* AppDelegate.m */ = {isa = PBXFileReference; fileEncoding = 4; lastKnownFileType = sourcecode.c.objc; name = AppDelegate.m; path = verusmobile/AppDelegate.m; sourceTree = "<group>"; };
		13B07FB21A68108700A75B9A /* Base */ = {isa = PBXFileReference; lastKnownFileType = file.xib; name = Base; path = Base.lproj/LaunchScreen.xib; sourceTree = "<group>"; };
		13B07FB51A68108700A75B9A /* Images.xcassets */ = {isa = PBXFileReference; lastKnownFileType = folder.assetcatalog; name = Images.xcassets; path = verusmobile/Images.xcassets; sourceTree = "<group>"; };
		13B07FB61A68108700A75B9A /* Info.plist */ = {isa = PBXFileReference; fileEncoding = 4; lastKnownFileType = text.plist.xml; name = Info.plist; path = verusmobile/Info.plist; sourceTree = "<group>"; };
		13B07FB71A68108700A75B9A /* main.m */ = {isa = PBXFileReference; fileEncoding = 4; lastKnownFileType = sourcecode.c.objc; name = main.m; path = verusmobile/main.m; sourceTree = "<group>"; };
		1BBB92052F164D6388DFCB56 /* SourceSansPro-SemiBoldItalic.ttf */ = {isa = PBXFileReference; explicitFileType = undefined; fileEncoding = 9; includeInIndex = 0; lastKnownFileType = unknown; name = "SourceSansPro-SemiBoldItalic.ttf"; path = "../assets/fonts/SourceSansPro-SemiBoldItalic.ttf"; sourceTree = "<group>"; };
		1F6DE040AD384CD4926B9D03 /* SourceSansPro-ExtraLightItalic.ttf */ = {isa = PBXFileReference; explicitFileType = undefined; fileEncoding = 9; includeInIndex = 0; lastKnownFileType = unknown; name = "SourceSansPro-ExtraLightItalic.ttf"; path = "../assets/fonts/SourceSansPro-ExtraLightItalic.ttf"; sourceTree = "<group>"; };
		1FDCBCD1026441C7B868F375 /* SourceSansPro-Regular.ttf */ = {isa = PBXFileReference; explicitFileType = undefined; fileEncoding = 9; includeInIndex = 0; lastKnownFileType = unknown; name = "SourceSansPro-Regular.ttf"; path = "../assets/fonts/SourceSansPro-Regular.ttf"; sourceTree = "<group>"; };
		25892E8D04D14F4D9D56BB7A /* SourceSansPro-ExtraLight.ttf */ = {isa = PBXFileReference; explicitFileType = undefined; fileEncoding = 9; includeInIndex = 0; lastKnownFileType = unknown; name = "SourceSansPro-ExtraLight.ttf"; path = "../assets/fonts/SourceSansPro-ExtraLight.ttf"; sourceTree = "<group>"; };
		2D02E47B1E0B4A5D006451C7 /* verusmobile-tvOS.app */ = {isa = PBXFileReference; explicitFileType = wrapper.application; includeInIndex = 0; path = "verusmobile-tvOS.app"; sourceTree = BUILT_PRODUCTS_DIR; };
		2D02E4901E0B4A5D006451C7 /* verusmobile-tvOSTests.xctest */ = {isa = PBXFileReference; explicitFileType = wrapper.cfbundle; includeInIndex = 0; path = "verusmobile-tvOSTests.xctest"; sourceTree = BUILT_PRODUCTS_DIR; };
		3755AB9F237EB50400393E99 /* InputMask.framework */ = {isa = PBXFileReference; explicitFileType = wrapper.framework; path = InputMask.framework; sourceTree = BUILT_PRODUCTS_DIR; };
		3D75763453624C50830E810F /* SourceSansPro-LightItalic.ttf */ = {isa = PBXFileReference; explicitFileType = undefined; fileEncoding = 9; includeInIndex = 0; lastKnownFileType = unknown; name = "SourceSansPro-LightItalic.ttf"; path = "../assets/fonts/SourceSansPro-LightItalic.ttf"; sourceTree = "<group>"; };
		4C1B7B5EBF81438E92B482C1 /* SourceSansPro-Italic.ttf */ = {isa = PBXFileReference; explicitFileType = undefined; fileEncoding = 9; includeInIndex = 0; lastKnownFileType = unknown; name = "SourceSansPro-Italic.ttf"; path = "../assets/fonts/SourceSansPro-Italic.ttf"; sourceTree = "<group>"; };
		4E4D0A6424152FE90069A5A7 /* sapling-output.params */ = {isa = PBXFileReference; lastKnownFileType = file; path = "sapling-output.params"; sourceTree = "<group>"; };
		4E4D0A6524152FF00069A5A7 /* sapling-spend.params */ = {isa = PBXFileReference; lastKnownFileType = file; path = "sapling-spend.params"; sourceTree = "<group>"; };
		4E80A30F241028FC00F037A9 /* bridge.swift */ = {isa = PBXFileReference; lastKnownFileType = sourcecode.swift; path = bridge.swift; sourceTree = "<group>"; };
		4E80A3112410297900F037A9 /* verusmobile-Bridging-Header.h */ = {isa = PBXFileReference; lastKnownFileType = sourcecode.c.h; path = "verusmobile-Bridging-Header.h"; sourceTree = "<group>"; };
		4E9EA95223BA796100B9FA10 /* RNPermissionHandlerCamera.h */ = {isa = PBXFileReference; fileEncoding = 4; lastKnownFileType = sourcecode.c.h; name = RNPermissionHandlerCamera.h; path = "../node_modules/react-native-permissions/ios/Camera/RNPermissionHandlerCamera.h"; sourceTree = "<group>"; };
		4E9EA95323BA796100B9FA10 /* RNPermissionHandlerCamera.m */ = {isa = PBXFileReference; fileEncoding = 4; lastKnownFileType = sourcecode.c.objc; name = RNPermissionHandlerCamera.m; path = "../node_modules/react-native-permissions/ios/Camera/RNPermissionHandlerCamera.m"; sourceTree = "<group>"; };
		4E9EA95523BA797100B9FA10 /* RNPermissionHandlerMicrophone.h */ = {isa = PBXFileReference; fileEncoding = 4; lastKnownFileType = sourcecode.c.h; name = RNPermissionHandlerMicrophone.h; path = "../node_modules/react-native-permissions/ios/Microphone/RNPermissionHandlerMicrophone.h"; sourceTree = "<group>"; };
		4E9EA95623BA797100B9FA10 /* RNPermissionHandlerMicrophone.m */ = {isa = PBXFileReference; fileEncoding = 4; lastKnownFileType = sourcecode.c.objc; name = RNPermissionHandlerMicrophone.m; path = "../node_modules/react-native-permissions/ios/Microphone/RNPermissionHandlerMicrophone.m"; sourceTree = "<group>"; };
		4E9EA95823BA797F00B9FA10 /* RNPermissionHandlerPhotoLibrary.m */ = {isa = PBXFileReference; fileEncoding = 4; lastKnownFileType = sourcecode.c.objc; name = RNPermissionHandlerPhotoLibrary.m; path = "../node_modules/react-native-permissions/ios/PhotoLibrary/RNPermissionHandlerPhotoLibrary.m"; sourceTree = "<group>"; };
		4E9EA95923BA797F00B9FA10 /* RNPermissionHandlerPhotoLibrary.h */ = {isa = PBXFileReference; fileEncoding = 4; lastKnownFileType = sourcecode.c.h; name = RNPermissionHandlerPhotoLibrary.h; path = "../node_modules/react-native-permissions/ios/PhotoLibrary/RNPermissionHandlerPhotoLibrary.h"; sourceTree = "<group>"; };
		4E9EA96123BA7DA900B9FA10 /* RNPermissions.h */ = {isa = PBXFileReference; fileEncoding = 4; lastKnownFileType = sourcecode.c.h; name = RNPermissions.h; path = "../node_modules/react-native-permissions/ios/RNPermissions.h"; sourceTree = "<group>"; };
		4E9EA96223BA7DA900B9FA10 /* RNPermissions.m */ = {isa = PBXFileReference; fileEncoding = 4; lastKnownFileType = sourcecode.c.objc; name = RNPermissions.m; path = "../node_modules/react-native-permissions/ios/RNPermissions.m"; sourceTree = "<group>"; };
		4E9EA96523BA7EFE00B9FA10 /* RNPermissionHandlerSiri.m */ = {isa = PBXFileReference; fileEncoding = 4; lastKnownFileType = sourcecode.c.objc; name = RNPermissionHandlerSiri.m; path = "../node_modules/react-native-permissions/ios/Siri/RNPermissionHandlerSiri.m"; sourceTree = "<group>"; };
		4E9EA96623BA7EFE00B9FA10 /* RNPermissionHandlerSiri.h */ = {isa = PBXFileReference; fileEncoding = 4; lastKnownFileType = sourcecode.c.h; name = RNPermissionHandlerSiri.h; path = "../node_modules/react-native-permissions/ios/Siri/RNPermissionHandlerSiri.h"; sourceTree = "<group>"; };
		4E9EA96823BA7F0900B9FA10 /* RNPermissionHandlerSpeechRecognition.h */ = {isa = PBXFileReference; fileEncoding = 4; lastKnownFileType = sourcecode.c.h; name = RNPermissionHandlerSpeechRecognition.h; path = "../node_modules/react-native-permissions/ios/SpeechRecognition/RNPermissionHandlerSpeechRecognition.h"; sourceTree = "<group>"; };
		4E9EA96923BA7F0900B9FA10 /* RNPermissionHandlerSpeechRecognition.m */ = {isa = PBXFileReference; fileEncoding = 4; lastKnownFileType = sourcecode.c.objc; name = RNPermissionHandlerSpeechRecognition.m; path = "../node_modules/react-native-permissions/ios/SpeechRecognition/RNPermissionHandlerSpeechRecognition.m"; sourceTree = "<group>"; };
		4E9EA96B23BA7F1400B9FA10 /* RNPermissionHandlerStoreKit.h */ = {isa = PBXFileReference; fileEncoding = 4; lastKnownFileType = sourcecode.c.h; name = RNPermissionHandlerStoreKit.h; path = "../node_modules/react-native-permissions/ios/StoreKit/RNPermissionHandlerStoreKit.h"; sourceTree = "<group>"; };
		4E9EA96C23BA7F1400B9FA10 /* RNPermissionHandlerStoreKit.m */ = {isa = PBXFileReference; fileEncoding = 4; lastKnownFileType = sourcecode.c.objc; name = RNPermissionHandlerStoreKit.m; path = "../node_modules/react-native-permissions/ios/StoreKit/RNPermissionHandlerStoreKit.m"; sourceTree = "<group>"; };
		4E9EA96E23BA7F2000B9FA10 /* RNPermissionHandlerBluetoothPeripheral.h */ = {isa = PBXFileReference; fileEncoding = 4; lastKnownFileType = sourcecode.c.h; name = RNPermissionHandlerBluetoothPeripheral.h; path = "../node_modules/react-native-permissions/ios/BluetoothPeripheral/RNPermissionHandlerBluetoothPeripheral.h"; sourceTree = "<group>"; };
		4E9EA96F23BA7F2000B9FA10 /* RNPermissionHandlerBluetoothPeripheral.m */ = {isa = PBXFileReference; fileEncoding = 4; lastKnownFileType = sourcecode.c.objc; name = RNPermissionHandlerBluetoothPeripheral.m; path = "../node_modules/react-native-permissions/ios/BluetoothPeripheral/RNPermissionHandlerBluetoothPeripheral.m"; sourceTree = "<group>"; };
		4E9EA97123BA7F2600B9FA10 /* RNPermissionHandlerCalendars.h */ = {isa = PBXFileReference; fileEncoding = 4; lastKnownFileType = sourcecode.c.h; name = RNPermissionHandlerCalendars.h; path = "../node_modules/react-native-permissions/ios/Calendars/RNPermissionHandlerCalendars.h"; sourceTree = "<group>"; };
		4E9EA97223BA7F2600B9FA10 /* RNPermissionHandlerCalendars.m */ = {isa = PBXFileReference; fileEncoding = 4; lastKnownFileType = sourcecode.c.objc; name = RNPermissionHandlerCalendars.m; path = "../node_modules/react-native-permissions/ios/Calendars/RNPermissionHandlerCalendars.m"; sourceTree = "<group>"; };
		4E9EA97423BA7F2E00B9FA10 /* RNPermissionHandlerContacts.h */ = {isa = PBXFileReference; fileEncoding = 4; lastKnownFileType = sourcecode.c.h; name = RNPermissionHandlerContacts.h; path = "../node_modules/react-native-permissions/ios/Contacts/RNPermissionHandlerContacts.h"; sourceTree = "<group>"; };
		4E9EA97523BA7F2E00B9FA10 /* RNPermissionHandlerContacts.m */ = {isa = PBXFileReference; fileEncoding = 4; lastKnownFileType = sourcecode.c.objc; name = RNPermissionHandlerContacts.m; path = "../node_modules/react-native-permissions/ios/Contacts/RNPermissionHandlerContacts.m"; sourceTree = "<group>"; };
		4E9EA97723BA7F3600B9FA10 /* RNPermissionHandlerFaceID.h */ = {isa = PBXFileReference; fileEncoding = 4; lastKnownFileType = sourcecode.c.h; name = RNPermissionHandlerFaceID.h; path = "../node_modules/react-native-permissions/ios/FaceID/RNPermissionHandlerFaceID.h"; sourceTree = "<group>"; };
		4E9EA97823BA7F3600B9FA10 /* RNPermissionHandlerFaceID.m */ = {isa = PBXFileReference; fileEncoding = 4; lastKnownFileType = sourcecode.c.objc; name = RNPermissionHandlerFaceID.m; path = "../node_modules/react-native-permissions/ios/FaceID/RNPermissionHandlerFaceID.m"; sourceTree = "<group>"; };
		4E9EA97A23BA7F3D00B9FA10 /* RNPermissionHandlerLocationAlways.h */ = {isa = PBXFileReference; fileEncoding = 4; lastKnownFileType = sourcecode.c.h; name = RNPermissionHandlerLocationAlways.h; path = "../node_modules/react-native-permissions/ios/LocationAlways/RNPermissionHandlerLocationAlways.h"; sourceTree = "<group>"; };
		4E9EA97B23BA7F3D00B9FA10 /* RNPermissionHandlerLocationAlways.m */ = {isa = PBXFileReference; fileEncoding = 4; lastKnownFileType = sourcecode.c.objc; name = RNPermissionHandlerLocationAlways.m; path = "../node_modules/react-native-permissions/ios/LocationAlways/RNPermissionHandlerLocationAlways.m"; sourceTree = "<group>"; };
		4E9EA97D23BA7F4600B9FA10 /* RNPermissionHandlerLocationWhenInUse.m */ = {isa = PBXFileReference; fileEncoding = 4; lastKnownFileType = sourcecode.c.objc; name = RNPermissionHandlerLocationWhenInUse.m; path = "../node_modules/react-native-permissions/ios/LocationWhenInUse/RNPermissionHandlerLocationWhenInUse.m"; sourceTree = "<group>"; };
		4E9EA97E23BA7F4600B9FA10 /* RNPermissionHandlerLocationWhenInUse.h */ = {isa = PBXFileReference; fileEncoding = 4; lastKnownFileType = sourcecode.c.h; name = RNPermissionHandlerLocationWhenInUse.h; path = "../node_modules/react-native-permissions/ios/LocationWhenInUse/RNPermissionHandlerLocationWhenInUse.h"; sourceTree = "<group>"; };
		4E9EA98023BA7F4F00B9FA10 /* RNPermissionHandlerMediaLibrary.h */ = {isa = PBXFileReference; fileEncoding = 4; lastKnownFileType = sourcecode.c.h; name = RNPermissionHandlerMediaLibrary.h; path = "../node_modules/react-native-permissions/ios/MediaLibrary/RNPermissionHandlerMediaLibrary.h"; sourceTree = "<group>"; };
		4E9EA98123BA7F5000B9FA10 /* RNPermissionHandlerMediaLibrary.m */ = {isa = PBXFileReference; fileEncoding = 4; lastKnownFileType = sourcecode.c.objc; name = RNPermissionHandlerMediaLibrary.m; path = "../node_modules/react-native-permissions/ios/MediaLibrary/RNPermissionHandlerMediaLibrary.m"; sourceTree = "<group>"; };
		4E9EA98323BA7F6C00B9FA10 /* RNPermissionHandlerMotion.h */ = {isa = PBXFileReference; fileEncoding = 4; lastKnownFileType = sourcecode.c.h; name = RNPermissionHandlerMotion.h; path = "../node_modules/react-native-permissions/ios/Motion/RNPermissionHandlerMotion.h"; sourceTree = "<group>"; };
		4E9EA98423BA7F6C00B9FA10 /* RNPermissionHandlerMotion.m */ = {isa = PBXFileReference; fileEncoding = 4; lastKnownFileType = sourcecode.c.objc; name = RNPermissionHandlerMotion.m; path = "../node_modules/react-native-permissions/ios/Motion/RNPermissionHandlerMotion.m"; sourceTree = "<group>"; };
		4E9EA98623BA7F7700B9FA10 /* RNPermissionHandlerNotifications.m */ = {isa = PBXFileReference; fileEncoding = 4; lastKnownFileType = sourcecode.c.objc; name = RNPermissionHandlerNotifications.m; path = "../node_modules/react-native-permissions/ios/Notifications/RNPermissionHandlerNotifications.m"; sourceTree = "<group>"; };
		4E9EA98723BA7F7700B9FA10 /* RNPermissionHandlerNotifications.h */ = {isa = PBXFileReference; fileEncoding = 4; lastKnownFileType = sourcecode.c.h; name = RNPermissionHandlerNotifications.h; path = "../node_modules/react-native-permissions/ios/Notifications/RNPermissionHandlerNotifications.h"; sourceTree = "<group>"; };
		4E9EA98923BA7F7E00B9FA10 /* RNPermissionHandlerReminders.h */ = {isa = PBXFileReference; fileEncoding = 4; lastKnownFileType = sourcecode.c.h; name = RNPermissionHandlerReminders.h; path = "../node_modules/react-native-permissions/ios/Reminders/RNPermissionHandlerReminders.h"; sourceTree = "<group>"; };
		4E9EA98A23BA7F7E00B9FA10 /* RNPermissionHandlerReminders.m */ = {isa = PBXFileReference; fileEncoding = 4; lastKnownFileType = sourcecode.c.objc; name = RNPermissionHandlerReminders.m; path = "../node_modules/react-native-permissions/ios/Reminders/RNPermissionHandlerReminders.m"; sourceTree = "<group>"; };
		4E9EA99C23BB985200B9FA10 /* assets */ = {isa = PBXFileReference; lastKnownFileType = folder; path = assets; sourceTree = "<group>"; };
		751808351752CF908B2602F1 /* libPods-verusmobile.a */ = {isa = PBXFileReference; explicitFileType = archive.ar; includeInIndex = 0; path = "libPods-verusmobile.a"; sourceTree = BUILT_PRODUCTS_DIR; };
		99B508937B4B89C61185EBA3 /* Pods-verusmobile.release.xcconfig */ = {isa = PBXFileReference; includeInIndex = 1; lastKnownFileType = text.xcconfig; name = "Pods-verusmobile.release.xcconfig"; path = "Target Support Files/Pods-verusmobile/Pods-verusmobile.release.xcconfig"; sourceTree = "<group>"; };
		AE7959201E5F412EAC047D5C /* SourceSansPro-BoldItalic.ttf */ = {isa = PBXFileReference; explicitFileType = undefined; fileEncoding = 9; includeInIndex = 0; lastKnownFileType = unknown; name = "SourceSansPro-BoldItalic.ttf"; path = "../assets/fonts/SourceSansPro-BoldItalic.ttf"; sourceTree = "<group>"; };
		B854F99812A154D2147F8983 /* Pods-verusmobile.debug.xcconfig */ = {isa = PBXFileReference; includeInIndex = 1; lastKnownFileType = text.xcconfig; name = "Pods-verusmobile.debug.xcconfig"; path = "Target Support Files/Pods-verusmobile/Pods-verusmobile.debug.xcconfig"; sourceTree = "<group>"; };
		C37976CFD29D43DEBE8AB634 /* SourceSansPro-Bold.ttf */ = {isa = PBXFileReference; explicitFileType = undefined; fileEncoding = 9; includeInIndex = 0; lastKnownFileType = unknown; name = "SourceSansPro-Bold.ttf"; path = "../assets/fonts/SourceSansPro-Bold.ttf"; sourceTree = "<group>"; };
		C3F0F1EB224C38D900279E92 /* JavaScriptCore.framework */ = {isa = PBXFileReference; lastKnownFileType = wrapper.framework; name = JavaScriptCore.framework; path = System/Library/Frameworks/JavaScriptCore.framework; sourceTree = SDKROOT; };
		CC50E27923FC4379A9C3F9AD /* SourceSansPro-BlackItalic.ttf */ = {isa = PBXFileReference; explicitFileType = undefined; fileEncoding = 9; includeInIndex = 0; lastKnownFileType = unknown; name = "SourceSansPro-BlackItalic.ttf"; path = "../assets/fonts/SourceSansPro-BlackItalic.ttf"; sourceTree = "<group>"; };
		CD8B5748E6514788A6364B4A /* libReactNativePermissions.a */ = {isa = PBXFileReference; explicitFileType = undefined; fileEncoding = 9; includeInIndex = 0; lastKnownFileType = archive.ar; path = libReactNativePermissions.a; sourceTree = "<group>"; };
		DC363AC392FE4516AE9F7301 /* SourceSansPro-Light.ttf */ = {isa = PBXFileReference; explicitFileType = undefined; fileEncoding = 9; includeInIndex = 0; lastKnownFileType = unknown; name = "SourceSansPro-Light.ttf"; path = "../assets/fonts/SourceSansPro-Light.ttf"; sourceTree = "<group>"; };
		DFF57B3EB4F24D3E91E7F92C /* ReactNativePermissions.xcodeproj */ = {isa = PBXFileReference; explicitFileType = undefined; fileEncoding = 9; includeInIndex = 0; lastKnownFileType = "wrapper.pb-project"; name = ReactNativePermissions.xcodeproj; path = "../node_modules/react-native-permissions/ios/ReactNativePermissions.xcodeproj"; sourceTree = "<group>"; };
		E7CAC9CBB65F47A6B883FBD2 /* SourceSansPro-SemiBold.ttf */ = {isa = PBXFileReference; explicitFileType = undefined; fileEncoding = 9; includeInIndex = 0; lastKnownFileType = unknown; name = "SourceSansPro-SemiBold.ttf"; path = "../assets/fonts/SourceSansPro-SemiBold.ttf"; sourceTree = "<group>"; };
		F9BEFF74016C4E76B8E3F8E8 /* SourceSansPro-Black.ttf */ = {isa = PBXFileReference; explicitFileType = undefined; fileEncoding = 9; includeInIndex = 0; lastKnownFileType = unknown; name = "SourceSansPro-Black.ttf"; path = "../assets/fonts/SourceSansPro-Black.ttf"; sourceTree = "<group>"; };
/* End PBXFileReference section */

/* Begin PBXFrameworksBuildPhase section */
		13B07F8C1A680F5B00A75B9A /* Frameworks */ = {
			isa = PBXFrameworksBuildPhase;
			buildActionMask = 2147483647;
			files = (
				C3F0F1EC224C38D900279E92 /* JavaScriptCore.framework in Frameworks */,
				8BA771AEA58BD885BB404D85 /* libPods-verusmobile.a in Frameworks */,
			);
			runOnlyForDeploymentPostprocessing = 0;
		};
		2D02E4781E0B4A5D006451C7 /* Frameworks */ = {
			isa = PBXFrameworksBuildPhase;
			buildActionMask = 2147483647;
			files = (
			);
			runOnlyForDeploymentPostprocessing = 0;
		};
		2D02E48D1E0B4A5D006451C7 /* Frameworks */ = {
			isa = PBXFrameworksBuildPhase;
			buildActionMask = 2147483647;
			files = (
			);
			runOnlyForDeploymentPostprocessing = 0;
		};
/* End PBXFrameworksBuildPhase section */

/* Begin PBXGroup section */
		00E356EF1AD99517003FC87E /* verusmobileTests */ = {
			isa = PBXGroup;
			children = (
				00E356F21AD99517003FC87E /* verusmobileTests.m */,
				00E356F01AD99517003FC87E /* Supporting Files */,
			);
			path = verusmobileTests;
			sourceTree = "<group>";
		};
		00E356F01AD99517003FC87E /* Supporting Files */ = {
			isa = PBXGroup;
			children = (
				00E356F11AD99517003FC87E /* Info.plist */,
			);
			name = "Supporting Files";
			sourceTree = "<group>";
		};
		13B07FAE1A68108700A75B9A /* verusmobile */ = {
			isa = PBXGroup;
			children = (
				008F07F21AC5B25A0029DE68 /* main.jsbundle */,
				13B07FAF1A68108700A75B9A /* AppDelegate.h */,
				13B07FB01A68108700A75B9A /* AppDelegate.m */,
				13B07FB51A68108700A75B9A /* Images.xcassets */,
				13B07FB61A68108700A75B9A /* Info.plist */,
				13B07FB11A68108700A75B9A /* LaunchScreen.xib */,
				13B07FB71A68108700A75B9A /* main.m */,
				4E80A30F241028FC00F037A9 /* bridge.swift */,
				4E80A3112410297900F037A9 /* verusmobile-Bridging-Header.h */,
			);
			name = verusmobile;
			sourceTree = "<group>";
		};
		2D16E6871FA4F8E400B85C8A /* Frameworks */ = {
			isa = PBXGroup;
			children = (
				C3F0F1EB224C38D900279E92 /* JavaScriptCore.framework */,
				3755AB9F237EB50400393E99 /* InputMask.framework */,
				751808351752CF908B2602F1 /* libPods-verusmobile.a */,
			);
			name = Frameworks;
			sourceTree = "<group>";
		};
		4E4D0A6324152FDF0069A5A7 /* SaplingParams */ = {
			isa = PBXGroup;
			children = (
				4E4D0A6424152FE90069A5A7 /* sapling-output.params */,
				4E4D0A6524152FF00069A5A7 /* sapling-spend.params */,
			);
			path = SaplingParams;
			sourceTree = "<group>";
		};
		4E9EA94F23BA790200B9FA10 /* Permissions */ = {
			isa = PBXGroup;
			children = (
				4E9EA95923BA797F00B9FA10 /* RNPermissionHandlerPhotoLibrary.h */,
				4E9EA96123BA7DA900B9FA10 /* RNPermissions.h */,
				4E9EA96623BA7EFE00B9FA10 /* RNPermissionHandlerSiri.h */,
				4E9EA96E23BA7F2000B9FA10 /* RNPermissionHandlerBluetoothPeripheral.h */,
				4E9EA96F23BA7F2000B9FA10 /* RNPermissionHandlerBluetoothPeripheral.m */,
				4E9EA96823BA7F0900B9FA10 /* RNPermissionHandlerSpeechRecognition.h */,
				4E9EA96923BA7F0900B9FA10 /* RNPermissionHandlerSpeechRecognition.m */,
				4E9EA97123BA7F2600B9FA10 /* RNPermissionHandlerCalendars.h */,
				4E9EA97E23BA7F4600B9FA10 /* RNPermissionHandlerLocationWhenInUse.h */,
				4E9EA97D23BA7F4600B9FA10 /* RNPermissionHandlerLocationWhenInUse.m */,
				4E9EA98923BA7F7E00B9FA10 /* RNPermissionHandlerReminders.h */,
				4E9EA98A23BA7F7E00B9FA10 /* RNPermissionHandlerReminders.m */,
				4E9EA98723BA7F7700B9FA10 /* RNPermissionHandlerNotifications.h */,
				4E9EA98623BA7F7700B9FA10 /* RNPermissionHandlerNotifications.m */,
				4E9EA97723BA7F3600B9FA10 /* RNPermissionHandlerFaceID.h */,
				4E9EA97823BA7F3600B9FA10 /* RNPermissionHandlerFaceID.m */,
				4E9EA98323BA7F6C00B9FA10 /* RNPermissionHandlerMotion.h */,
				4E9EA98423BA7F6C00B9FA10 /* RNPermissionHandlerMotion.m */,
				4E9EA97A23BA7F3D00B9FA10 /* RNPermissionHandlerLocationAlways.h */,
				4E9EA97B23BA7F3D00B9FA10 /* RNPermissionHandlerLocationAlways.m */,
				4E9EA98023BA7F4F00B9FA10 /* RNPermissionHandlerMediaLibrary.h */,
				4E9EA98123BA7F5000B9FA10 /* RNPermissionHandlerMediaLibrary.m */,
				4E9EA97223BA7F2600B9FA10 /* RNPermissionHandlerCalendars.m */,
				4E9EA97423BA7F2E00B9FA10 /* RNPermissionHandlerContacts.h */,
				4E9EA97523BA7F2E00B9FA10 /* RNPermissionHandlerContacts.m */,
				4E9EA96B23BA7F1400B9FA10 /* RNPermissionHandlerStoreKit.h */,
				4E9EA96C23BA7F1400B9FA10 /* RNPermissionHandlerStoreKit.m */,
				4E9EA96523BA7EFE00B9FA10 /* RNPermissionHandlerSiri.m */,
				4E9EA96223BA7DA900B9FA10 /* RNPermissions.m */,
				4E9EA95823BA797F00B9FA10 /* RNPermissionHandlerPhotoLibrary.m */,
				4E9EA95523BA797100B9FA10 /* RNPermissionHandlerMicrophone.h */,
				4E9EA95623BA797100B9FA10 /* RNPermissionHandlerMicrophone.m */,
				4E9EA95223BA796100B9FA10 /* RNPermissionHandlerCamera.h */,
				4E9EA95323BA796100B9FA10 /* RNPermissionHandlerCamera.m */,
			);
			name = Permissions;
			sourceTree = "<group>";
		};
		81068692221E9DFD00F4268D /* Recovered References */ = {
			isa = PBXGroup;
			children = (
				CD8B5748E6514788A6364B4A /* libReactNativePermissions.a */,
			);
			name = "Recovered References";
			sourceTree = "<group>";
		};
		832341AE1AAA6A7D00B99B32 /* Libraries */ = {
			isa = PBXGroup;
			children = (
			);
			name = Libraries;
			sourceTree = "<group>";
		};
		83CBB9F61A601CBA00E9B192 = {
			isa = PBXGroup;
			children = (
				4E4D0A6324152FDF0069A5A7 /* SaplingParams */,
				4E9EA99C23BB985200B9FA10 /* assets */,
				4E9EA94F23BA790200B9FA10 /* Permissions */,
				13B07FAE1A68108700A75B9A /* verusmobile */,
				832341AE1AAA6A7D00B99B32 /* Libraries */,
				00E356EF1AD99517003FC87E /* verusmobileTests */,
				83CBBA001A601CBA00E9B192 /* Products */,
				2D16E6871FA4F8E400B85C8A /* Frameworks */,
				9FA1689132444214AF5B6A83 /* Resources */,
				81068692221E9DFD00F4268D /* Recovered References */,
				EBFAC370DE4C56362A208F3E /* Pods */,
			);
			indentWidth = 2;
			sourceTree = "<group>";
			tabWidth = 2;
			usesTabs = 0;
		};
		83CBBA001A601CBA00E9B192 /* Products */ = {
			isa = PBXGroup;
			children = (
				13B07F961A680F5B00A75B9A /* verusmobile.app */,
				2D02E47B1E0B4A5D006451C7 /* verusmobile-tvOS.app */,
				2D02E4901E0B4A5D006451C7 /* verusmobile-tvOSTests.xctest */,
			);
			name = Products;
			sourceTree = "<group>";
		};
		9FA1689132444214AF5B6A83 /* Resources */ = {
			isa = PBXGroup;
			children = (
				F9BEFF74016C4E76B8E3F8E8 /* SourceSansPro-Black.ttf */,
				CC50E27923FC4379A9C3F9AD /* SourceSansPro-BlackItalic.ttf */,
				C37976CFD29D43DEBE8AB634 /* SourceSansPro-Bold.ttf */,
				AE7959201E5F412EAC047D5C /* SourceSansPro-BoldItalic.ttf */,
				25892E8D04D14F4D9D56BB7A /* SourceSansPro-ExtraLight.ttf */,
				1F6DE040AD384CD4926B9D03 /* SourceSansPro-ExtraLightItalic.ttf */,
				4C1B7B5EBF81438E92B482C1 /* SourceSansPro-Italic.ttf */,
				DC363AC392FE4516AE9F7301 /* SourceSansPro-Light.ttf */,
				3D75763453624C50830E810F /* SourceSansPro-LightItalic.ttf */,
				1FDCBCD1026441C7B868F375 /* SourceSansPro-Regular.ttf */,
				E7CAC9CBB65F47A6B883FBD2 /* SourceSansPro-SemiBold.ttf */,
				1BBB92052F164D6388DFCB56 /* SourceSansPro-SemiBoldItalic.ttf */,
			);
			name = Resources;
			sourceTree = "<group>";
		};
		C3F0F19E224C34B700279E92 /* Products */ = {
			isa = PBXGroup;
			children = (
				C3F0F1DF224C354800279E92 /* libReactNativePermissions.a */,
			);
			name = Products;
			sourceTree = "<group>";
		};
		EBFAC370DE4C56362A208F3E /* Pods */ = {
			isa = PBXGroup;
			children = (
				B854F99812A154D2147F8983 /* Pods-verusmobile.debug.xcconfig */,
				99B508937B4B89C61185EBA3 /* Pods-verusmobile.release.xcconfig */,
			);
			path = Pods;
			sourceTree = "<group>";
		};
/* End PBXGroup section */

/* Begin PBXNativeTarget section */
		13B07F861A680F5B00A75B9A /* verusmobile */ = {
			isa = PBXNativeTarget;
			buildConfigurationList = 13B07F931A680F5B00A75B9A /* Build configuration list for PBXNativeTarget "verusmobile" */;
			buildPhases = (
				51B6AD6FC89BC6FEFF8093D6 /* [CP] Check Pods Manifest.lock */,
				13B07F871A680F5B00A75B9A /* Sources */,
				13B07F8C1A680F5B00A75B9A /* Frameworks */,
				13B07F8E1A680F5B00A75B9A /* Resources */,
				00DD1BFF1BD5951E006B06BC /* Bundle React Native code and images */,
				3755ABA2237EB50400393E99 /* Embed Frameworks */,
				CF6D80B7ACEEB5FAC4DFD37A /* [CP] Copy Pods Resources */,
				2199BBA4E06FE009BE600879 /* [CP] Embed Pods Frameworks */,
			);
			buildRules = (
			);
			dependencies = (
			);
			name = verusmobile;
			productName = "Hello World";
			productReference = 13B07F961A680F5B00A75B9A /* verusmobile.app */;
			productType = "com.apple.product-type.application";
		};
		2D02E47A1E0B4A5D006451C7 /* verusmobile-tvOS */ = {
			isa = PBXNativeTarget;
			buildConfigurationList = 2D02E4BA1E0B4A5E006451C7 /* Build configuration list for PBXNativeTarget "verusmobile-tvOS" */;
			buildPhases = (
				2D02E4771E0B4A5D006451C7 /* Sources */,
				2D02E4781E0B4A5D006451C7 /* Frameworks */,
				2D02E4791E0B4A5D006451C7 /* Resources */,
				2D02E4CB1E0B4B27006451C7 /* Bundle React Native Code And Images */,
			);
			buildRules = (
			);
			dependencies = (
			);
			name = "verusmobile-tvOS";
			productName = "verusmobile-tvOS";
			productReference = 2D02E47B1E0B4A5D006451C7 /* verusmobile-tvOS.app */;
			productType = "com.apple.product-type.application";
		};
		2D02E48F1E0B4A5D006451C7 /* verusmobile-tvOSTests */ = {
			isa = PBXNativeTarget;
			buildConfigurationList = 2D02E4BB1E0B4A5E006451C7 /* Build configuration list for PBXNativeTarget "verusmobile-tvOSTests" */;
			buildPhases = (
				2D02E48C1E0B4A5D006451C7 /* Sources */,
				2D02E48D1E0B4A5D006451C7 /* Frameworks */,
				2D02E48E1E0B4A5D006451C7 /* Resources */,
			);
			buildRules = (
			);
			dependencies = (
				2D02E4921E0B4A5D006451C7 /* PBXTargetDependency */,
			);
			name = "verusmobile-tvOSTests";
			productName = "verusmobile-tvOSTests";
			productReference = 2D02E4901E0B4A5D006451C7 /* verusmobile-tvOSTests.xctest */;
			productType = "com.apple.product-type.bundle.unit-test";
		};
/* End PBXNativeTarget section */

/* Begin PBXProject section */
		83CBB9F71A601CBA00E9B192 /* Project object */ = {
			isa = PBXProject;
			attributes = {
				LastUpgradeCheck = 1130;
				ORGANIZATIONNAME = Facebook;
				TargetAttributes = {
					13B07F861A680F5B00A75B9A = {
						DevelopmentTeam = J8Y97B5NMQ;
						LastSwiftMigration = 1130;
						ProvisioningStyle = Automatic;
					};
					2D02E47A1E0B4A5D006451C7 = {
						CreatedOnToolsVersion = 8.2.1;
						ProvisioningStyle = Automatic;
					};
					2D02E48F1E0B4A5D006451C7 = {
						CreatedOnToolsVersion = 8.2.1;
						ProvisioningStyle = Automatic;
						TestTargetID = 2D02E47A1E0B4A5D006451C7;
					};
				};
			};
			buildConfigurationList = 83CBB9FA1A601CBA00E9B192 /* Build configuration list for PBXProject "verusMobile" */;
			compatibilityVersion = "Xcode 3.2";
			developmentRegion = English;
			hasScannedForEncodings = 0;
			knownRegions = (
				English,
				en,
				Base,
			);
			mainGroup = 83CBB9F61A601CBA00E9B192;
			productRefGroup = 83CBBA001A601CBA00E9B192 /* Products */;
			projectDirPath = "";
			projectReferences = (
				{
					ProductGroup = C3F0F19E224C34B700279E92 /* Products */;
					ProjectRef = DFF57B3EB4F24D3E91E7F92C /* ReactNativePermissions.xcodeproj */;
				},
			);
			projectRoot = "";
			targets = (
				13B07F861A680F5B00A75B9A /* verusmobile */,
				2D02E47A1E0B4A5D006451C7 /* verusmobile-tvOS */,
				2D02E48F1E0B4A5D006451C7 /* verusmobile-tvOSTests */,
			);
		};
/* End PBXProject section */

/* Begin PBXReferenceProxy section */
		C3F0F1DF224C354800279E92 /* libReactNativePermissions.a */ = {
			isa = PBXReferenceProxy;
			fileType = archive.ar;
			path = libReactNativePermissions.a;
			remoteRef = C3F0F1DE224C354800279E92 /* PBXContainerItemProxy */;
			sourceTree = BUILT_PRODUCTS_DIR;
		};
/* End PBXReferenceProxy section */

/* Begin PBXResourcesBuildPhase section */
		13B07F8E1A680F5B00A75B9A /* Resources */ = {
			isa = PBXResourcesBuildPhase;
			buildActionMask = 2147483647;
			files = (
				4E9EA99D23BB985300B9FA10 /* assets in Resources */,
				4E4D0A67241530350069A5A7 /* sapling-spend.params in Resources */,
				4E9EA99B23BB63A800B9FA10 /* main.jsbundle in Resources */,
				13B07FBF1A68108700A75B9A /* Images.xcassets in Resources */,
				4E4D0A66241530330069A5A7 /* sapling-output.params in Resources */,
				13B07FBD1A68108700A75B9A /* LaunchScreen.xib in Resources */,
				0C59AB24F8894E178CAADBCF /* SourceSansPro-Black.ttf in Resources */,
				81602464E283406280F9ADAE /* SourceSansPro-BlackItalic.ttf in Resources */,
				2D096AA5ABC545E7B4421AA6 /* SourceSansPro-Bold.ttf in Resources */,
				7575623222F346C1998DBA73 /* SourceSansPro-BoldItalic.ttf in Resources */,
				B46C523B6F814306BB98FE97 /* SourceSansPro-ExtraLight.ttf in Resources */,
				14120DFC78524B278EF25500 /* SourceSansPro-ExtraLightItalic.ttf in Resources */,
				9AE9535D72AD468595BE61AF /* SourceSansPro-Italic.ttf in Resources */,
				A0E779FFA9884610B8FC5A93 /* SourceSansPro-Light.ttf in Resources */,
				5E192C160435467282AA50EC /* SourceSansPro-LightItalic.ttf in Resources */,
				B99FA08CBA3F486F9EBDD929 /* SourceSansPro-Regular.ttf in Resources */,
				11D3A4425840432AADAC830C /* SourceSansPro-SemiBold.ttf in Resources */,
				4D8F8BC85DF4453FBF0515FE /* SourceSansPro-SemiBoldItalic.ttf in Resources */,
			);
			runOnlyForDeploymentPostprocessing = 0;
		};
		2D02E4791E0B4A5D006451C7 /* Resources */ = {
			isa = PBXResourcesBuildPhase;
			buildActionMask = 2147483647;
			files = (
				2D02E4BD1E0B4A84006451C7 /* Images.xcassets in Resources */,
			);
			runOnlyForDeploymentPostprocessing = 0;
		};
		2D02E48E1E0B4A5D006451C7 /* Resources */ = {
			isa = PBXResourcesBuildPhase;
			buildActionMask = 2147483647;
			files = (
			);
			runOnlyForDeploymentPostprocessing = 0;
		};
/* End PBXResourcesBuildPhase section */

/* Begin PBXShellScriptBuildPhase section */
		00DD1BFF1BD5951E006B06BC /* Bundle React Native code and images */ = {
			isa = PBXShellScriptBuildPhase;
			buildActionMask = 2147483647;
			files = (
			);
			inputPaths = (
			);
			name = "Bundle React Native code and images";
			outputPaths = (
			);
			runOnlyForDeploymentPostprocessing = 0;
			shellPath = /bin/sh;
			shellScript = "export NODE_BINARY=node\\n../node_modules/react-native/scripts/react-native-xcode.sh\n";
		};
		2199BBA4E06FE009BE600879 /* [CP] Embed Pods Frameworks */ = {
			isa = PBXShellScriptBuildPhase;
			buildActionMask = 2147483647;
			files = (
			);
			inputPaths = (
				"${PODS_ROOT}/Target Support Files/Pods-verusmobile/Pods-verusmobile-frameworks.sh",
				"${PODS_XCFRAMEWORKS_BUILD_DIR}/hermes-engine/Pre-built/hermes.framework/hermes",
			);
			name = "[CP] Embed Pods Frameworks";
			outputPaths = (
				"${TARGET_BUILD_DIR}/${FRAMEWORKS_FOLDER_PATH}/hermes.framework",
			);
			runOnlyForDeploymentPostprocessing = 0;
			shellPath = /bin/sh;
			shellScript = "\"${PODS_ROOT}/Target Support Files/Pods-verusmobile/Pods-verusmobile-frameworks.sh\"\n";
			showEnvVarsInLog = 0;
		};
		2D02E4CB1E0B4B27006451C7 /* Bundle React Native Code And Images */ = {
			isa = PBXShellScriptBuildPhase;
			buildActionMask = 2147483647;
			files = (
			);
			inputPaths = (
			);
			name = "Bundle React Native Code And Images";
			outputPaths = (
			);
			runOnlyForDeploymentPostprocessing = 0;
			shellPath = /bin/sh;
			shellScript = "export NODE_BINARY=node\n../node_modules/react-native/scripts/react-native-xcode.sh";
		};
		51B6AD6FC89BC6FEFF8093D6 /* [CP] Check Pods Manifest.lock */ = {
			isa = PBXShellScriptBuildPhase;
			buildActionMask = 2147483647;
			files = (
			);
			inputFileListPaths = (
			);
			inputPaths = (
				"${PODS_PODFILE_DIR_PATH}/Podfile.lock",
				"${PODS_ROOT}/Manifest.lock",
			);
			name = "[CP] Check Pods Manifest.lock";
			outputFileListPaths = (
			);
			outputPaths = (
				"$(DERIVED_FILE_DIR)/Pods-verusmobile-checkManifestLockResult.txt",
			);
			runOnlyForDeploymentPostprocessing = 0;
			shellPath = /bin/sh;
			shellScript = "diff \"${PODS_PODFILE_DIR_PATH}/Podfile.lock\" \"${PODS_ROOT}/Manifest.lock\" > /dev/null\nif [ $? != 0 ] ; then\n    # print error to STDERR\n    echo \"error: The sandbox is not in sync with the Podfile.lock. Run 'pod install' or update your CocoaPods installation.\" >&2\n    exit 1\nfi\n# This output is used by Xcode 'outputs' to avoid re-running this script phase.\necho \"SUCCESS\" > \"${SCRIPT_OUTPUT_FILE_0}\"\n";
			showEnvVarsInLog = 0;
		};
		CF6D80B7ACEEB5FAC4DFD37A /* [CP] Copy Pods Resources */ = {
			isa = PBXShellScriptBuildPhase;
			buildActionMask = 2147483647;
			files = (
			);
			inputPaths = (
				"${PODS_ROOT}/Target Support Files/Pods-verusmobile/Pods-verusmobile-resources.sh",
				"${PODS_CONFIGURATION_BUILD_DIR}/RNCAsyncStorage/RNCAsyncStorage_resources.bundle",
				"${PODS_CONFIGURATION_BUILD_DIR}/RNPermissions/RNPermissionsPrivacyInfo.bundle",
				"${PODS_ROOT}/../../node_modules/react-native-vector-icons/Fonts/AntDesign.ttf",
				"${PODS_ROOT}/../../node_modules/react-native-vector-icons/Fonts/Entypo.ttf",
				"${PODS_ROOT}/../../node_modules/react-native-vector-icons/Fonts/EvilIcons.ttf",
				"${PODS_ROOT}/../../node_modules/react-native-vector-icons/Fonts/Feather.ttf",
				"${PODS_ROOT}/../../node_modules/react-native-vector-icons/Fonts/FontAwesome.ttf",
				"${PODS_ROOT}/../../node_modules/react-native-vector-icons/Fonts/FontAwesome5_Brands.ttf",
				"${PODS_ROOT}/../../node_modules/react-native-vector-icons/Fonts/FontAwesome5_Regular.ttf",
				"${PODS_ROOT}/../../node_modules/react-native-vector-icons/Fonts/FontAwesome5_Solid.ttf",
				"${PODS_ROOT}/../../node_modules/react-native-vector-icons/Fonts/Fontisto.ttf",
				"${PODS_ROOT}/../../node_modules/react-native-vector-icons/Fonts/Foundation.ttf",
				"${PODS_ROOT}/../../node_modules/react-native-vector-icons/Fonts/Ionicons.ttf",
				"${PODS_ROOT}/../../node_modules/react-native-vector-icons/Fonts/MaterialCommunityIcons.ttf",
				"${PODS_ROOT}/../../node_modules/react-native-vector-icons/Fonts/MaterialIcons.ttf",
				"${PODS_ROOT}/../../node_modules/react-native-vector-icons/Fonts/Octicons.ttf",
				"${PODS_ROOT}/../../node_modules/react-native-vector-icons/Fonts/SimpleLineIcons.ttf",
				"${PODS_ROOT}/../../node_modules/react-native-vector-icons/Fonts/Zocial.ttf",
				"${PODS_CONFIGURATION_BUILD_DIR}/React-Core/AccessibilityResources.bundle",
			);
			name = "[CP] Copy Pods Resources";
			outputPaths = (
				"${TARGET_BUILD_DIR}/${UNLOCALIZED_RESOURCES_FOLDER_PATH}/RNCAsyncStorage_resources.bundle",
				"${TARGET_BUILD_DIR}/${UNLOCALIZED_RESOURCES_FOLDER_PATH}/RNPermissionsPrivacyInfo.bundle",
				"${TARGET_BUILD_DIR}/${UNLOCALIZED_RESOURCES_FOLDER_PATH}/AntDesign.ttf",
				"${TARGET_BUILD_DIR}/${UNLOCALIZED_RESOURCES_FOLDER_PATH}/Entypo.ttf",
				"${TARGET_BUILD_DIR}/${UNLOCALIZED_RESOURCES_FOLDER_PATH}/EvilIcons.ttf",
				"${TARGET_BUILD_DIR}/${UNLOCALIZED_RESOURCES_FOLDER_PATH}/Feather.ttf",
				"${TARGET_BUILD_DIR}/${UNLOCALIZED_RESOURCES_FOLDER_PATH}/FontAwesome.ttf",
				"${TARGET_BUILD_DIR}/${UNLOCALIZED_RESOURCES_FOLDER_PATH}/FontAwesome5_Brands.ttf",
				"${TARGET_BUILD_DIR}/${UNLOCALIZED_RESOURCES_FOLDER_PATH}/FontAwesome5_Regular.ttf",
				"${TARGET_BUILD_DIR}/${UNLOCALIZED_RESOURCES_FOLDER_PATH}/FontAwesome5_Solid.ttf",
				"${TARGET_BUILD_DIR}/${UNLOCALIZED_RESOURCES_FOLDER_PATH}/Fontisto.ttf",
				"${TARGET_BUILD_DIR}/${UNLOCALIZED_RESOURCES_FOLDER_PATH}/Foundation.ttf",
				"${TARGET_BUILD_DIR}/${UNLOCALIZED_RESOURCES_FOLDER_PATH}/Ionicons.ttf",
				"${TARGET_BUILD_DIR}/${UNLOCALIZED_RESOURCES_FOLDER_PATH}/MaterialCommunityIcons.ttf",
				"${TARGET_BUILD_DIR}/${UNLOCALIZED_RESOURCES_FOLDER_PATH}/MaterialIcons.ttf",
				"${TARGET_BUILD_DIR}/${UNLOCALIZED_RESOURCES_FOLDER_PATH}/Octicons.ttf",
				"${TARGET_BUILD_DIR}/${UNLOCALIZED_RESOURCES_FOLDER_PATH}/SimpleLineIcons.ttf",
				"${TARGET_BUILD_DIR}/${UNLOCALIZED_RESOURCES_FOLDER_PATH}/Zocial.ttf",
				"${TARGET_BUILD_DIR}/${UNLOCALIZED_RESOURCES_FOLDER_PATH}/AccessibilityResources.bundle",
			);
			runOnlyForDeploymentPostprocessing = 0;
			shellPath = /bin/sh;
			shellScript = "\"${PODS_ROOT}/Target Support Files/Pods-verusmobile/Pods-verusmobile-resources.sh\"\n";
			showEnvVarsInLog = 0;
		};
/* End PBXShellScriptBuildPhase section */

/* Begin PBXSourcesBuildPhase section */
		13B07F871A680F5B00A75B9A /* Sources */ = {
			isa = PBXSourcesBuildPhase;
			buildActionMask = 2147483647;
			files = (
				13B07FBC1A68108700A75B9A /* AppDelegate.m in Sources */,
				4E80A310241028FC00F037A9 /* bridge.swift in Sources */,
				13B07FC11A68108700A75B9A /* main.m in Sources */,
			);
			runOnlyForDeploymentPostprocessing = 0;
		};
		2D02E4771E0B4A5D006451C7 /* Sources */ = {
			isa = PBXSourcesBuildPhase;
			buildActionMask = 2147483647;
			files = (
				2D02E4BF1E0B4AB3006451C7 /* main.m in Sources */,
				2D02E4BC1E0B4A80006451C7 /* AppDelegate.m in Sources */,
			);
			runOnlyForDeploymentPostprocessing = 0;
		};
		2D02E48C1E0B4A5D006451C7 /* Sources */ = {
			isa = PBXSourcesBuildPhase;
			buildActionMask = 2147483647;
			files = (
				2DCD954D1E0B4F2C00145EB5 /* verusmobileTests.m in Sources */,
			);
			runOnlyForDeploymentPostprocessing = 0;
		};
/* End PBXSourcesBuildPhase section */

/* Begin PBXTargetDependency section */
		2D02E4921E0B4A5D006451C7 /* PBXTargetDependency */ = {
			isa = PBXTargetDependency;
			target = 2D02E47A1E0B4A5D006451C7 /* verusmobile-tvOS */;
			targetProxy = 2D02E4911E0B4A5D006451C7 /* PBXContainerItemProxy */;
		};
/* End PBXTargetDependency section */

/* Begin PBXVariantGroup section */
		13B07FB11A68108700A75B9A /* LaunchScreen.xib */ = {
			isa = PBXVariantGroup;
			children = (
				13B07FB21A68108700A75B9A /* Base */,
			);
			name = LaunchScreen.xib;
			path = verusmobile;
			sourceTree = "<group>";
		};
/* End PBXVariantGroup section */

/* Begin XCBuildConfiguration section */
		13B07F941A680F5B00A75B9A /* Debug */ = {
			isa = XCBuildConfiguration;
			baseConfigurationReference = B854F99812A154D2147F8983 /* Pods-verusmobile.debug.xcconfig */;
			buildSettings = {
				ASSETCATALOG_COMPILER_APPICON_NAME = AppIcon;
				CLANG_ENABLE_MODULES = YES;
				CODE_SIGN_IDENTITY = "iPhone Developer";
				CODE_SIGN_STYLE = Automatic;
				CURRENT_PROJECT_VERSION = 0;
				DEAD_CODE_STRIPPING = NO;
				DEVELOPMENT_TEAM = J8Y97B5NMQ;
				ENABLE_BITCODE = NO;
				GCC_NO_COMMON_BLOCKS = YES;
				INFOPLIST_FILE = verusmobile/Info.plist;
				IPHONEOS_DEPLOYMENT_TARGET = 13.0;
				LD_RUNPATH_SEARCH_PATHS = "$(inherited) @executable_path/Frameworks";
				LIBRARY_SEARCH_PATHS = (
					"$(SDKROOT)/usr/lib/swift",
					"$(inherited)",
					"\"${PODS_CONFIGURATION_BUILD_DIR}/DoubleConversion\"",
					"\"${PODS_CONFIGURATION_BUILD_DIR}/FBReactNativeSpec\"",
					"\"${PODS_CONFIGURATION_BUILD_DIR}/Folly\"",
					"\"${PODS_CONFIGURATION_BUILD_DIR}/RCTTypeSafety\"",
					"\"${PODS_CONFIGURATION_BUILD_DIR}/RNCAsyncStorage\"",
					"\"${PODS_CONFIGURATION_BUILD_DIR}/RNDateTimePicker\"",
					"\"${PODS_CONFIGURATION_BUILD_DIR}/RNFS\"",
					"\"${PODS_CONFIGURATION_BUILD_DIR}/RNGestureHandler\"",
					"\"${PODS_CONFIGURATION_BUILD_DIR}/RNInputMask\"",
					"\"${PODS_CONFIGURATION_BUILD_DIR}/RNOS\"",
					"\"${PODS_CONFIGURATION_BUILD_DIR}/RNPermissions\"",
					"\"${PODS_CONFIGURATION_BUILD_DIR}/RNSVG\"",
					"\"${PODS_CONFIGURATION_BUILD_DIR}/RNScreens\"",
					"\"${PODS_CONFIGURATION_BUILD_DIR}/RNShare\"",
					"\"${PODS_CONFIGURATION_BUILD_DIR}/RNVectorIcons\"",
					"\"${PODS_CONFIGURATION_BUILD_DIR}/React-Core\"",
					"\"${PODS_CONFIGURATION_BUILD_DIR}/React-CoreModules\"",
					"\"${PODS_CONFIGURATION_BUILD_DIR}/React-RCTActionSheet\"",
					"\"${PODS_CONFIGURATION_BUILD_DIR}/React-RCTAnimation\"",
					"\"${PODS_CONFIGURATION_BUILD_DIR}/React-RCTBlob\"",
					"\"${PODS_CONFIGURATION_BUILD_DIR}/React-RCTImage\"",
					"\"${PODS_CONFIGURATION_BUILD_DIR}/React-RCTLinking\"",
					"\"${PODS_CONFIGURATION_BUILD_DIR}/React-RCTNetwork\"",
					"\"${PODS_CONFIGURATION_BUILD_DIR}/React-RCTSettings\"",
					"\"${PODS_CONFIGURATION_BUILD_DIR}/React-RCTText\"",
					"\"${PODS_CONFIGURATION_BUILD_DIR}/React-RCTVibration\"",
					"\"${PODS_CONFIGURATION_BUILD_DIR}/React-cxxreact\"",
					"\"${PODS_CONFIGURATION_BUILD_DIR}/React-jsi\"",
					"\"${PODS_CONFIGURATION_BUILD_DIR}/React-jsiexecutor\"",
					"\"${PODS_CONFIGURATION_BUILD_DIR}/React-jsinspector\"",
					"\"${PODS_CONFIGURATION_BUILD_DIR}/ReactCommon\"",
					"\"${PODS_CONFIGURATION_BUILD_DIR}/TcpSockets\"",
					"\"${PODS_CONFIGURATION_BUILD_DIR}/Yoga\"",
					"\"${PODS_CONFIGURATION_BUILD_DIR}/glog\"",
					"\"${PODS_CONFIGURATION_BUILD_DIR}/react-native-camera\"",
					"\"${PODS_CONFIGURATION_BUILD_DIR}/react-native-image-picker\"",
					"\"${PODS_CONFIGURATION_BUILD_DIR}/react-native-randombytes\"",
					"\"${PODS_CONFIGURATION_BUILD_DIR}/react-native-text-input-mask\"",
					"\"${PODS_CONFIGURATION_BUILD_DIR}/react-native-udp\"",
					"\"${PODS_CONFIGURATION_BUILD_DIR}/react-native-webview\"",
					"\"${PODS_CONFIGURATION_BUILD_DIR}/rn-fetch-blob\"",
				);
				MARKETING_VERSION = 1.0.18;
				PRODUCT_BUNDLE_IDENTIFIER = org.reactjs.native.verusmobile;
				PRODUCT_NAME = verusmobile;
				PROVISIONING_PROFILE_SPECIFIER = "";
				SWIFT_OBJC_BRIDGING_HEADER = "verusmobile-Bridging-Header.h";
				SWIFT_OPTIMIZATION_LEVEL = "-Onone";
				SWIFT_VERSION = 5.0;
				VERSIONING_SYSTEM = "apple-generic";
			};
			name = Debug;
		};
		13B07F951A680F5B00A75B9A /* Release */ = {
			isa = XCBuildConfiguration;
			baseConfigurationReference = 99B508937B4B89C61185EBA3 /* Pods-verusmobile.release.xcconfig */;
			buildSettings = {
				ASSETCATALOG_COMPILER_APPICON_NAME = AppIcon;
				CLANG_ENABLE_MODULES = YES;
				CODE_SIGN_IDENTITY = "iPhone Developer";
				CODE_SIGN_STYLE = Automatic;
				CURRENT_PROJECT_VERSION = 0;
				DEAD_CODE_STRIPPING = YES;
				DEVELOPMENT_TEAM = J8Y97B5NMQ;
				ENABLE_BITCODE = NO;
				GCC_NO_COMMON_BLOCKS = YES;
				INFOPLIST_FILE = verusmobile/Info.plist;
				IPHONEOS_DEPLOYMENT_TARGET = 13.0;
				LD_RUNPATH_SEARCH_PATHS = "$(inherited) @executable_path/Frameworks";
				LIBRARY_SEARCH_PATHS = (
					"$(SDKROOT)/usr/lib/swift",
					"$(inherited)",
					"\"${PODS_CONFIGURATION_BUILD_DIR}/DoubleConversion\"",
					"\"${PODS_CONFIGURATION_BUILD_DIR}/FBReactNativeSpec\"",
					"\"${PODS_CONFIGURATION_BUILD_DIR}/Folly\"",
					"\"${PODS_CONFIGURATION_BUILD_DIR}/RCTTypeSafety\"",
					"\"${PODS_CONFIGURATION_BUILD_DIR}/RNCAsyncStorage\"",
					"\"${PODS_CONFIGURATION_BUILD_DIR}/RNDateTimePicker\"",
					"\"${PODS_CONFIGURATION_BUILD_DIR}/RNFS\"",
					"\"${PODS_CONFIGURATION_BUILD_DIR}/RNGestureHandler\"",
					"\"${PODS_CONFIGURATION_BUILD_DIR}/RNInputMask\"",
					"\"${PODS_CONFIGURATION_BUILD_DIR}/RNOS\"",
					"\"${PODS_CONFIGURATION_BUILD_DIR}/RNPermissions\"",
					"\"${PODS_CONFIGURATION_BUILD_DIR}/RNSVG\"",
					"\"${PODS_CONFIGURATION_BUILD_DIR}/RNScreens\"",
					"\"${PODS_CONFIGURATION_BUILD_DIR}/RNShare\"",
					"\"${PODS_CONFIGURATION_BUILD_DIR}/RNVectorIcons\"",
					"\"${PODS_CONFIGURATION_BUILD_DIR}/React-Core\"",
					"\"${PODS_CONFIGURATION_BUILD_DIR}/React-CoreModules\"",
					"\"${PODS_CONFIGURATION_BUILD_DIR}/React-RCTActionSheet\"",
					"\"${PODS_CONFIGURATION_BUILD_DIR}/React-RCTAnimation\"",
					"\"${PODS_CONFIGURATION_BUILD_DIR}/React-RCTBlob\"",
					"\"${PODS_CONFIGURATION_BUILD_DIR}/React-RCTImage\"",
					"\"${PODS_CONFIGURATION_BUILD_DIR}/React-RCTLinking\"",
					"\"${PODS_CONFIGURATION_BUILD_DIR}/React-RCTNetwork\"",
					"\"${PODS_CONFIGURATION_BUILD_DIR}/React-RCTSettings\"",
					"\"${PODS_CONFIGURATION_BUILD_DIR}/React-RCTText\"",
					"\"${PODS_CONFIGURATION_BUILD_DIR}/React-RCTVibration\"",
					"\"${PODS_CONFIGURATION_BUILD_DIR}/React-cxxreact\"",
					"\"${PODS_CONFIGURATION_BUILD_DIR}/React-jsi\"",
					"\"${PODS_CONFIGURATION_BUILD_DIR}/React-jsiexecutor\"",
					"\"${PODS_CONFIGURATION_BUILD_DIR}/React-jsinspector\"",
					"\"${PODS_CONFIGURATION_BUILD_DIR}/ReactCommon\"",
					"\"${PODS_CONFIGURATION_BUILD_DIR}/TcpSockets\"",
					"\"${PODS_CONFIGURATION_BUILD_DIR}/Yoga\"",
					"\"${PODS_CONFIGURATION_BUILD_DIR}/glog\"",
					"\"${PODS_CONFIGURATION_BUILD_DIR}/react-native-camera\"",
					"\"${PODS_CONFIGURATION_BUILD_DIR}/react-native-image-picker\"",
					"\"${PODS_CONFIGURATION_BUILD_DIR}/react-native-randombytes\"",
					"\"${PODS_CONFIGURATION_BUILD_DIR}/react-native-text-input-mask\"",
					"\"${PODS_CONFIGURATION_BUILD_DIR}/react-native-udp\"",
					"\"${PODS_CONFIGURATION_BUILD_DIR}/react-native-webview\"",
					"\"${PODS_CONFIGURATION_BUILD_DIR}/rn-fetch-blob\"",
				);
				MARKETING_VERSION = 1.0.18;
				PRODUCT_BUNDLE_IDENTIFIER = org.reactjs.native.verusmobile;
				PRODUCT_NAME = verusmobile;
				PROVISIONING_PROFILE_SPECIFIER = "";
				SWIFT_OBJC_BRIDGING_HEADER = "verusmobile-Bridging-Header.h";
				SWIFT_VERSION = 5.0;
				VERSIONING_SYSTEM = "apple-generic";
			};
			name = Release;
		};
		2D02E4971E0B4A5E006451C7 /* Debug */ = {
			isa = XCBuildConfiguration;
			buildSettings = {
				ASSETCATALOG_COMPILER_APPICON_NAME = "App Icon & Top Shelf Image";
				ASSETCATALOG_COMPILER_LAUNCHIMAGE_NAME = LaunchImage;
				CLANG_ANALYZER_NONNULL = YES;
				CLANG_WARN_DOCUMENTATION_COMMENTS = YES;
				CLANG_WARN_INFINITE_RECURSION = YES;
				CLANG_WARN_SUSPICIOUS_MOVE = YES;
				DEBUG_INFORMATION_FORMAT = dwarf;
				ENABLE_TESTABILITY = YES;
				GCC_NO_COMMON_BLOCKS = YES;
				HEADER_SEARCH_PATHS = "$(inherited)";
				INFOPLIST_FILE = "verusmobile-tvOS/Info.plist";
				LD_RUNPATH_SEARCH_PATHS = "$(inherited) @executable_path/Frameworks";
				LIBRARY_SEARCH_PATHS = "$(SDKROOT)/usr/lib/swift$(inherited)";
				OTHER_LDFLAGS = (
					"-ObjC",
					"-lc++",
				);
				PRODUCT_BUNDLE_IDENTIFIER = "com.facebook.REACT.verusmobile-tvOS";
				PRODUCT_NAME = "$(TARGET_NAME)";
				SDKROOT = appletvos;
				TARGETED_DEVICE_FAMILY = 3;
				TVOS_DEPLOYMENT_TARGET = 9.2;
			};
			name = Debug;
		};
		2D02E4981E0B4A5E006451C7 /* Release */ = {
			isa = XCBuildConfiguration;
			buildSettings = {
				ASSETCATALOG_COMPILER_APPICON_NAME = "App Icon & Top Shelf Image";
				ASSETCATALOG_COMPILER_LAUNCHIMAGE_NAME = LaunchImage;
				CLANG_ANALYZER_NONNULL = YES;
				CLANG_WARN_DOCUMENTATION_COMMENTS = YES;
				CLANG_WARN_INFINITE_RECURSION = YES;
				CLANG_WARN_SUSPICIOUS_MOVE = YES;
				COPY_PHASE_STRIP = NO;
				DEBUG_INFORMATION_FORMAT = "dwarf-with-dsym";
				GCC_NO_COMMON_BLOCKS = YES;
				HEADER_SEARCH_PATHS = "$(inherited)";
				INFOPLIST_FILE = "verusmobile-tvOS/Info.plist";
				LD_RUNPATH_SEARCH_PATHS = "$(inherited) @executable_path/Frameworks";
				LIBRARY_SEARCH_PATHS = "$(SDKROOT)/usr/lib/swift$(inherited)";
				OTHER_LDFLAGS = (
					"-ObjC",
					"-lc++",
				);
				PRODUCT_BUNDLE_IDENTIFIER = "com.facebook.REACT.verusmobile-tvOS";
				PRODUCT_NAME = "$(TARGET_NAME)";
				SDKROOT = appletvos;
				TARGETED_DEVICE_FAMILY = 3;
				TVOS_DEPLOYMENT_TARGET = 9.2;
			};
			name = Release;
		};
		2D02E4991E0B4A5E006451C7 /* Debug */ = {
			isa = XCBuildConfiguration;
			buildSettings = {
				BUNDLE_LOADER = "$(TEST_HOST)";
				CLANG_ANALYZER_NONNULL = YES;
				CLANG_WARN_DOCUMENTATION_COMMENTS = YES;
				CLANG_WARN_INFINITE_RECURSION = YES;
				CLANG_WARN_SUSPICIOUS_MOVE = YES;
				DEBUG_INFORMATION_FORMAT = dwarf;
				ENABLE_TESTABILITY = YES;
				GCC_NO_COMMON_BLOCKS = YES;
				INFOPLIST_FILE = "verusmobile-tvOSTests/Info.plist";
				LD_RUNPATH_SEARCH_PATHS = "$(inherited) @executable_path/Frameworks @loader_path/Frameworks";
				LIBRARY_SEARCH_PATHS = "$(SDKROOT)/usr/lib/swift$(inherited)";
				PRODUCT_BUNDLE_IDENTIFIER = "com.facebook.REACT.verusmobile-tvOSTests";
				PRODUCT_NAME = "$(TARGET_NAME)";
				SDKROOT = appletvos;
				TEST_HOST = "$(BUILT_PRODUCTS_DIR)/verusmobile-tvOS.app/verusmobile-tvOS";
				TVOS_DEPLOYMENT_TARGET = 10.1;
			};
			name = Debug;
		};
		2D02E49A1E0B4A5E006451C7 /* Release */ = {
			isa = XCBuildConfiguration;
			buildSettings = {
				BUNDLE_LOADER = "$(TEST_HOST)";
				CLANG_ANALYZER_NONNULL = YES;
				CLANG_WARN_DOCUMENTATION_COMMENTS = YES;
				CLANG_WARN_INFINITE_RECURSION = YES;
				CLANG_WARN_SUSPICIOUS_MOVE = YES;
				COPY_PHASE_STRIP = NO;
				DEBUG_INFORMATION_FORMAT = "dwarf-with-dsym";
				GCC_NO_COMMON_BLOCKS = YES;
				INFOPLIST_FILE = "verusmobile-tvOSTests/Info.plist";
				LD_RUNPATH_SEARCH_PATHS = "$(inherited) @executable_path/Frameworks @loader_path/Frameworks";
				LIBRARY_SEARCH_PATHS = "$(SDKROOT)/usr/lib/swift$(inherited)";
				PRODUCT_BUNDLE_IDENTIFIER = "com.facebook.REACT.verusmobile-tvOSTests";
				PRODUCT_NAME = "$(TARGET_NAME)";
				SDKROOT = appletvos;
				TEST_HOST = "$(BUILT_PRODUCTS_DIR)/verusmobile-tvOS.app/verusmobile-tvOS";
				TVOS_DEPLOYMENT_TARGET = 10.1;
			};
			name = Release;
		};
		83CBBA201A601CBA00E9B192 /* Debug */ = {
			isa = XCBuildConfiguration;
			buildSettings = {
				ALWAYS_SEARCH_USER_PATHS = NO;
				CLANG_ANALYZER_LOCALIZABILITY_NONLOCALIZED = YES;
				CLANG_CXX_LANGUAGE_STANDARD = "c++17";
				CLANG_CXX_LIBRARY = "libc++";
				CLANG_ENABLE_MODULES = YES;
				CLANG_ENABLE_OBJC_ARC = YES;
				CLANG_WARN_BLOCK_CAPTURE_AUTORELEASING = YES;
				CLANG_WARN_BOOL_CONVERSION = YES;
				CLANG_WARN_COMMA = YES;
				CLANG_WARN_CONSTANT_CONVERSION = YES;
				CLANG_WARN_DEPRECATED_OBJC_IMPLEMENTATIONS = YES;
				CLANG_WARN_DIRECT_OBJC_ISA_USAGE = YES_ERROR;
				CLANG_WARN_EMPTY_BODY = YES;
				CLANG_WARN_ENUM_CONVERSION = YES;
				CLANG_WARN_INFINITE_RECURSION = YES;
				CLANG_WARN_INT_CONVERSION = YES;
				CLANG_WARN_NON_LITERAL_NULL_CONVERSION = YES;
				CLANG_WARN_OBJC_IMPLICIT_RETAIN_SELF = YES;
				CLANG_WARN_OBJC_LITERAL_CONVERSION = YES;
				CLANG_WARN_OBJC_ROOT_CLASS = YES_ERROR;
				CLANG_WARN_RANGE_LOOP_ANALYSIS = YES;
				CLANG_WARN_STRICT_PROTOTYPES = YES;
				CLANG_WARN_SUSPICIOUS_MOVE = YES;
				CLANG_WARN_UNREACHABLE_CODE = YES;
				CLANG_WARN__DUPLICATE_METHOD_MATCH = YES;
				"CODE_SIGN_IDENTITY[sdk=iphoneos*]" = "iPhone Developer";
				COPY_PHASE_STRIP = NO;
				ENABLE_STRICT_OBJC_MSGSEND = YES;
				ENABLE_TESTABILITY = YES;
				"EXCLUDED_ARCHS[sdk=iphonesimulator*]" = i386;
				GCC_C_LANGUAGE_STANDARD = gnu99;
				GCC_DYNAMIC_NO_PIC = NO;
				GCC_NO_COMMON_BLOCKS = YES;
				GCC_OPTIMIZATION_LEVEL = 0;
				GCC_PREPROCESSOR_DEFINITIONS = (
					"DEBUG=1",
					"$(inherited)",
					_LIBCPP_ENABLE_CXX17_REMOVED_UNARY_BINARY_FUNCTION,
				);
				GCC_SYMBOLS_PRIVATE_EXTERN = NO;
				GCC_WARN_64_TO_32_BIT_CONVERSION = YES;
				GCC_WARN_ABOUT_RETURN_TYPE = YES_ERROR;
				GCC_WARN_UNDECLARED_SELECTOR = YES;
				GCC_WARN_UNINITIALIZED_AUTOS = YES_AGGRESSIVE;
				GCC_WARN_UNUSED_FUNCTION = YES;
				GCC_WARN_UNUSED_VARIABLE = YES;
				IPHONEOS_DEPLOYMENT_TARGET = 8.0;
				MTL_ENABLE_DEBUG_INFO = YES;
				ONLY_ACTIVE_ARCH = YES;
				OTHER_LDFLAGS = (
					"$(inherited)",
					" ",
				);
				REACT_NATIVE_PATH = "${PODS_ROOT}/../../node_modules/react-native";
				SDKROOT = iphoneos;
			};
			name = Debug;
		};
		83CBBA211A601CBA00E9B192 /* Release */ = {
			isa = XCBuildConfiguration;
			buildSettings = {
				ALWAYS_SEARCH_USER_PATHS = NO;
				CLANG_ANALYZER_LOCALIZABILITY_NONLOCALIZED = YES;
				CLANG_CXX_LANGUAGE_STANDARD = "c++17";
				CLANG_CXX_LIBRARY = "libc++";
				CLANG_ENABLE_MODULES = YES;
				CLANG_ENABLE_OBJC_ARC = YES;
				CLANG_WARN_BLOCK_CAPTURE_AUTORELEASING = YES;
				CLANG_WARN_BOOL_CONVERSION = YES;
				CLANG_WARN_COMMA = YES;
				CLANG_WARN_CONSTANT_CONVERSION = YES;
				CLANG_WARN_DEPRECATED_OBJC_IMPLEMENTATIONS = YES;
				CLANG_WARN_DIRECT_OBJC_ISA_USAGE = YES_ERROR;
				CLANG_WARN_EMPTY_BODY = YES;
				CLANG_WARN_ENUM_CONVERSION = YES;
				CLANG_WARN_INFINITE_RECURSION = YES;
				CLANG_WARN_INT_CONVERSION = YES;
				CLANG_WARN_NON_LITERAL_NULL_CONVERSION = YES;
				CLANG_WARN_OBJC_IMPLICIT_RETAIN_SELF = YES;
				CLANG_WARN_OBJC_LITERAL_CONVERSION = YES;
				CLANG_WARN_OBJC_ROOT_CLASS = YES_ERROR;
				CLANG_WARN_RANGE_LOOP_ANALYSIS = YES;
				CLANG_WARN_STRICT_PROTOTYPES = YES;
				CLANG_WARN_SUSPICIOUS_MOVE = YES;
				CLANG_WARN_UNREACHABLE_CODE = YES;
				CLANG_WARN__DUPLICATE_METHOD_MATCH = YES;
				"CODE_SIGN_IDENTITY[sdk=iphoneos*]" = "iPhone Developer";
				COPY_PHASE_STRIP = YES;
				ENABLE_NS_ASSERTIONS = NO;
				ENABLE_STRICT_OBJC_MSGSEND = YES;
				"EXCLUDED_ARCHS[sdk=iphonesimulator*]" = i386;
				GCC_C_LANGUAGE_STANDARD = gnu99;
				GCC_NO_COMMON_BLOCKS = YES;
				GCC_PREPROCESSOR_DEFINITIONS = (
					"$(inherited)",
					_LIBCPP_ENABLE_CXX17_REMOVED_UNARY_BINARY_FUNCTION,
				);
				GCC_WARN_64_TO_32_BIT_CONVERSION = YES;
				GCC_WARN_ABOUT_RETURN_TYPE = YES_ERROR;
				GCC_WARN_UNDECLARED_SELECTOR = YES;
				GCC_WARN_UNINITIALIZED_AUTOS = YES_AGGRESSIVE;
				GCC_WARN_UNUSED_FUNCTION = YES;
				GCC_WARN_UNUSED_VARIABLE = YES;
				IPHONEOS_DEPLOYMENT_TARGET = 8.0;
				MTL_ENABLE_DEBUG_INFO = NO;
				OTHER_LDFLAGS = (
					"$(inherited)",
					" ",
				);
				REACT_NATIVE_PATH = "${PODS_ROOT}/../../node_modules/react-native";
				SDKROOT = iphoneos;
				SWIFT_COMPILATION_MODE = wholemodule;
				VALIDATE_PRODUCT = YES;
			};
			name = Release;
		};
/* End XCBuildConfiguration section */

/* Begin XCConfigurationList section */
		13B07F931A680F5B00A75B9A /* Build configuration list for PBXNativeTarget "verusmobile" */ = {
			isa = XCConfigurationList;
			buildConfigurations = (
				13B07F941A680F5B00A75B9A /* Debug */,
				13B07F951A680F5B00A75B9A /* Release */,
			);
			defaultConfigurationIsVisible = 0;
			defaultConfigurationName = Release;
		};
		2D02E4BA1E0B4A5E006451C7 /* Build configuration list for PBXNativeTarget "verusmobile-tvOS" */ = {
			isa = XCConfigurationList;
			buildConfigurations = (
				2D02E4971E0B4A5E006451C7 /* Debug */,
				2D02E4981E0B4A5E006451C7 /* Release */,
			);
			defaultConfigurationIsVisible = 0;
			defaultConfigurationName = Release;
		};
		2D02E4BB1E0B4A5E006451C7 /* Build configuration list for PBXNativeTarget "verusmobile-tvOSTests" */ = {
			isa = XCConfigurationList;
			buildConfigurations = (
				2D02E4991E0B4A5E006451C7 /* Debug */,
				2D02E49A1E0B4A5E006451C7 /* Release */,
			);
			defaultConfigurationIsVisible = 0;
			defaultConfigurationName = Release;
		};
		83CBB9FA1A601CBA00E9B192 /* Build configuration list for PBXProject "verusMobile" */ = {
			isa = XCConfigurationList;
			buildConfigurations = (
				83CBBA201A601CBA00E9B192 /* Debug */,
				83CBBA211A601CBA00E9B192 /* Release */,
			);
			defaultConfigurationIsVisible = 0;
			defaultConfigurationName = Release;
		};
/* End XCConfigurationList section */
	};
	rootObject = 83CBB9F71A601CBA00E9B192 /* Project object */;
}
